<?xml version="1.0" encoding="utf-8"?>
<Project ToolsVersion="4.0" xmlns="http://schemas.microsoft.com/developer/msbuild/2003">
  <ItemGroup>
    <Filter Include="Source Files">
      <UniqueIdentifier>{6eaeb5e5-10cf-4148-8edf-4078cea2c826}</UniqueIdentifier>
      <Extensions>cpp;c;cxx;rc;def;r;odl;hpj;bat;for;f90</Extensions>
    </Filter>
    <Filter Include="Header Files">
      <UniqueIdentifier>{3157f159-a3c4-4bf6-bdd6-d11ab395e240}</UniqueIdentifier>
      <Extensions>h;hpp;hxx;hm;inl;fi;fd</Extensions>
    </Filter>
    <Filter Include="Resource Files">
      <UniqueIdentifier>{f8be8a18-2991-4ff2-a996-0da93051f8ab}</UniqueIdentifier>
      <Extensions>ico;cur;bmp;dlg;rc2;rct;bin;cnt;rtf;gif;jpg;jpeg;jpe</Extensions>
    </Filter>
    <Filter Include="Libs">
      <UniqueIdentifier>{d3829c39-aa85-4f83-beea-20894e77e6ee}</UniqueIdentifier>
    </Filter>
  </ItemGroup>
  <ItemGroup>
    <ClCompile Include="..\..\EditableModifierCommon\CreateFaceMouseProcTemplate.cpp">
      <Filter>Source Files</Filter>
    </ClCompile>
    <ClCompile Include="EditNormals.cpp">
      <Filter>Source Files</Filter>
    </ClCompile>
    <ClCompile Include="EPoly.cpp">
      <Filter>Source Files</Filter>
    </ClCompile>
    <ClCompile Include="EPolyManipulatorGrip.cpp">
      <Filter>Source Files</Filter>
    </ClCompile>
    <ClCompile Include="PolyAccel.cpp">
      <Filter>Source Files</Filter>
    </ClCompile>
    <ClCompile Include="PolyEdit.cpp">
      <Filter>Source Files</Filter>
    </ClCompile>
    <ClCompile Include="PolyEdOps.cpp">
      <Filter>Source Files</Filter>
    </ClCompile>
    <ClCompile Include="PolyEdUi.cpp">
      <Filter>Source Files</Filter>
    </ClCompile>
    <ClCompile Include="PolyGrips.cpp">
      <Filter>Source Files</Filter>
    </ClCompile>
    <ClCompile Include="PolyModes.cpp">
      <Filter>Source Files</Filter>
    </ClCompile>
    <ClCompile Include="PolySelect.cpp">
      <Filter>Source Files</Filter>
    </ClCompile>
    <ClCompile Include="Restore.cpp">
      <Filter>Source Files</Filter>
    </ClCompile>
    <ClCompile Include="SplineExtrude.cpp">
      <Filter>Source Files</Filter>
    </ClCompile>
  </ItemGroup>
  <ItemGroup>
    <None Include="EPoly.def">
      <Filter>Source Files</Filter>
    </None>
    <None Include="addvertc.cur">
      <Filter>Resource Files</Filter>
    </None>
    <None Include="Bevel.cur">
      <Filter>Resource Files</Filter>
    </None>
    <None Include="bevelcur.cur">
      <Filter>Resource Files</Filter>
    </None>
    <None Include="cut_edge.cur">
      <Filter>Resource Files</Filter>
    </None>
    <None Include="cut_face.cur">
      <Filter>Resource Files</Filter>
    </None>
    <None Include="cut_vert.cur">
      <Filter>Resource Files</Filter>
    </None>
    <None Include="echamfer.cur">
      <Filter>Resource Files</Filter>
    </None>
    <None Include="edge_ext.cur">
      <Filter>Resource Files</Filter>
    </None>
    <None Include="extrude_vertex.cur">
      <Filter>Resource Files</Filter>
    </None>
    <None Include="extrudec.cur">
      <Filter>Resource Files</Filter>
    </None>
    <None Include="mask_subobjtypes.bmp">
      <Filter>Resource Files</Filter>
    </None>
    <None Include="plusminus.bmp">
      <Filter>Resource Files</Filter>
    </None>
    <None Include="PlusMinusMask.bmp">
      <Filter>Resource Files</Filter>
    </None>
    <None Include="polymask.bmp">
      <Filter>Resource Files</Filter>
    </None>
    <None Include="polysubs.bmp">
      <Filter>Resource Files</Filter>
    </None>
    <None Include="quickslice.cur">
      <Filter>Resource Files</Filter>
    </None>
    <None Include="subobjtypes.bmp">
      <Filter>Resource Files</Filter>
    </None>
    <None Include="vchamfer.cur">
      <Filter>Resource Files</Filter>
    </None>
  </ItemGroup>
  <ItemGroup>
    <ClInclude Include="..\..\..\Include\bitarray.h">
      <Filter>Header Files</Filter>
    </ClInclude>
    <ClInclude Include="..\..\EditableModifierCommon\CreateFaceMouseProcTemplate.h">
      <Filter>Header Files</Filter>
    </ClInclude>
    <ClInclude Include="..\..\..\include\custcont.h">
      <Filter>Header Files</Filter>
    </ClInclude>
    <ClInclude Include="EPoly.h">
      <Filter>Header Files</Filter>
    </ClInclude>
    <ClInclude Include="EPolyManipulatorGrip.h">
      <Filter>Header Files</Filter>
    </ClInclude>
    <ClInclude Include="..\..\..\Include\hold.h">
      <Filter>Header Files</Filter>
    </ClInclude>
    <ClInclude Include="..\..\..\include\iEditNormals.h">
      <Filter>Header Files</Filter>
    </ClInclude>
    <ClInclude Include="..\..\..\Include\iEPoly.h">
      <Filter>Header Files</Filter>
    </ClInclude>
    <ClInclude Include="..\..\..\Include\iFnPub.h">
      <Filter>Header Files</Filter>
    </ClInclude>
    <ClInclude Include="..\..\..\Include\interval.h">
      <Filter>Header Files</Filter>
    </ClInclude>
    <ClInclude Include="..\..\..\include\iparamb.h">
      <Filter>Header Files</Filter>
    </ClInclude>
    <ClInclude Include="..\..\..\Include\iparamb2.h">
      <Filter>Header Files</Filter>
    </ClInclude>
    <ClInclude Include="..\..\..\include\iparamm.h">
      <Filter>Header Files</Filter>
    </ClInclude>
    <ClInclude Include="..\..\..\Include\iparamm2.h">
      <Filter>Header Files</Filter>
    </ClInclude>
    <ClInclude Include="..\..\..\include\istdplug.h">
      <Filter>Header Files</Filter>
    </ClInclude>
    <ClInclude Include="..\..\..\include\macrorec.h">
      <Filter>Header Files</Filter>
    </ClInclude>
    <ClInclude Include="..\..\..\Include\matrix3.h">
      <Filter>Header Files</Filter>
    </ClInclude>
    <ClInclude Include="..\..\..\Include\mesh.h">
      <Filter>Header Files</Filter>
    </ClInclude>
    <ClInclude Include="..\..\..\include\MeshNormalSpec.h">
      <Filter>Header Files</Filter>
    </ClInclude>
    <ClInclude Include="..\..\..\Include\MNCommon.h">
      <Filter>Header Files</Filter>
    </ClInclude>
    <ClInclude Include="..\..\..\Include\MNMesh.h">
      <Filter>Header Files</Filter>
    </ClInclude>
    <ClInclude Include="..\..\..\include\MNNormalSpec.h">
      <Filter>Header Files</Filter>
    </ClInclude>
    <ClInclude Include="..\..\..\Include\namesel.h">
      <Filter>Header Files</Filter>
    </ClInclude>
    <ClInclude Include="..\..\..\Include\nametab.h">
      <Filter>Header Files</Filter>
    </ClInclude>
    <ClInclude Include="..\..\..\Include\point3.h">
      <Filter>Header Files</Filter>
    </ClInclude>
    <ClInclude Include="PolyEdit.h">
      <Filter>Header Files</Filter>
    </ClInclude>
    <ClInclude Include="PolyGrips.h">
      <Filter>Header Files</Filter>
    </ClInclude>
    <ClInclude Include="..\..\..\include\polyobj.h">
      <Filter>Header Files</Filter>
    </ClInclude>
    <ClInclude Include="..\PolyPaint\PolyPaint.h">
      <Filter>Header Files</Filter>
    </ClInclude>
    <ClInclude Include="..\..\..\include\quat.h">
      <Filter>Header Files</Filter>
    </ClInclude>
    <ClInclude Include="resource.h">
      <Filter>Header Files</Filter>
    </ClInclude>
    <ClInclude Include="resourceOverride.h">
      <Filter>Header Files</Filter>
    </ClInclude>
    <ClInclude Include="..\..\..\include\tab.h">
      <Filter>Header Files</Filter>
    </ClInclude>
    <ClInclude Include="..\..\..\include\xtcobject.h">
      <Filter>Header Files</Filter>
    </ClInclude>
  </ItemGroup>
  <ItemGroup>
    <ResourceCompile Include="EPoly.rc">
      <Filter>Resource Files</Filter>
    </ResourceCompile>
  </ItemGroup>
</Project>