<?xml version="1.0" encoding="utf-8"?>
<Project ToolsVersion="4.0" xmlns="http://schemas.microsoft.com/developer/msbuild/2003">
  <ItemGroup>
    <Filter Include="Source Files">
      <UniqueIdentifier>{50eaabd1-6dad-45f4-a869-95afc8541e0c}</UniqueIdentifier>
      <Extensions>cpp;c;cxx;rc;def;r;odl;idl;hpj;bat</Extensions>
    </Filter>
    <Filter Include="Header Files">
      <UniqueIdentifier>{d153c3f4-385d-4059-900f-2ef8b214756f}</UniqueIdentifier>
      <Extensions>h;hpp;hxx;hm;inl</Extensions>
    </Filter>
    <Filter Include="Resource Files">
      <UniqueIdentifier>{03854597-1f56-4e70-ae60-6b1cd24d5035}</UniqueIdentifier>
      <Extensions>ico;cur;bmp;dlg;rc2;rct;bin;rgs;gif;jpg;jpeg;jpe</Extensions>
    </Filter>
  </ItemGroup>
  <ItemGroup>
    <ClCompile Include="ArrayEdit.cpp">
      <Filter>Source Files</Filter>
    </ClCompile>
    <ClCompile Include="EventEd.cpp">
      <Filter>Source Files</Filter>
    </ClCompile>
    <ClCompile Include="EventView.cpp">
      <Filter>Source Files</Filter>
    </ClCompile>
    <ClCompile Include="FormEd.cpp">
      <Filter>Source Files</Filter>
    </ClCompile>
    <ClCompile Include="FormEdView.cpp">
      <Filter>Source Files</Filter>
    </ClCompile>
    <ClCompile Include="FormTracker.cpp">
      <Filter>Source Files</Filter>
    </ClCompile>
    <ClCompile Include="GuideDlg.cpp">
      <Filter>Source Files</Filter>
    </ClCompile>
    <ClCompile Include="GuiObj.cpp">
      <Filter>Source Files</Filter>
    </ClCompile>
    <ClCompile Include="MainFrm.cpp">
      <Filter>Source Files</Filter>
    </ClCompile>
    <ClCompile Include="PropBar.cpp">
      <Filter>Source Files</Filter>
    </ClCompile>
    <ClCompile Include="Property.cpp">
      <Filter>Source Files</Filter>
    </ClCompile>
    <ClCompile Include="PropView.cpp">
      <Filter>Source Files</Filter>
    </ClCompile>
    <ClCompile Include="SizeBar.cpp">
      <Filter>Source Files</Filter>
    </ClCompile>
    <ClCompile Include="StdAfx.cpp">
      <Filter>Source Files</Filter>
    </ClCompile>
    <ClCompile Include="StdObj.cpp">
      <Filter>Source Files</Filter>
    </ClCompile>
    <ClCompile Include="SyntaxEditCtrl.cpp">
      <Filter>Source Files</Filter>
    </ClCompile>
    <ClCompile Include="VisualMS.cpp">
      <Filter>Source Files</Filter>
    </ClCompile>
    <ClCompile Include="VisualMSDll.cpp">
      <Filter>Source Files</Filter>
    </ClCompile>
    <ClCompile Include="VisualMSDoc.cpp">
      <Filter>Source Files</Filter>
    </ClCompile>
    <ClCompile Include="VisualMSMgr.cpp">
      <Filter>Source Files</Filter>
    </ClCompile>
    <ClCompile Include="VisualMSThread.cpp">
      <Filter>Source Files</Filter>
    </ClCompile>
    <ClCompile Include="VisualMSUtil.cpp">
      <Filter>Source Files</Filter>
    </ClCompile>
    <ClCompile Include="VmsToolbar.cpp">
      <Filter>Source Files</Filter>
    </ClCompile>
  </ItemGroup>
  <ItemGroup>
    <None Include="VisualMS.def">
      <Filter>Source Files</Filter>
    </None>
    <None Include="res\activex.ico">
      <Filter>Resource Files</Filter>
    </None>
    <None Include="res\bitmap.bmp">
      <Filter>Resource Files</Filter>
    </None>
    <None Include="res\colorpicker.bmp">
      <Filter>Resource Files</Filter>
    </None>
    <None Include="res\controls.bmp">
      <Filter>Resource Files</Filter>
    </None>
    <None Include="res\custom.ico">
      <Filter>Resource Files</Filter>
    </None>
    <None Include="res\Position.ico">
      <Filter>Resource Files</Filter>
    </None>
    <None Include="res\Size.ico">
      <Filter>Resource Files</Filter>
    </None>
    <None Include="res\spinner.bmp">
      <Filter>Resource Files</Filter>
    </None>
    <None Include="res\timer.ico">
      <Filter>Resource Files</Filter>
    </None>
    <None Include="res\toolbar.bmp">
      <Filter>Resource Files</Filter>
    </None>
    <None Include="res\VisualMS.ico">
      <Filter>Resource Files</Filter>
    </None>
    <None Include="res\VisualMSDoc.ico">
      <Filter>Resource Files</Filter>
    </None>
  </ItemGroup>
  <ItemGroup>
    <ClInclude Include="ArrayEdit.h">
      <Filter>Header Files</Filter>
    </ClInclude>
    <ClInclude Include="EventEd.h">
      <Filter>Header Files</Filter>
    </ClInclude>
    <ClInclude Include="EventView.h">
      <Filter>Header Files</Filter>
    </ClInclude>
    <ClInclude Include="FormEd.h">
      <Filter>Header Files</Filter>
    </ClInclude>
    <ClInclude Include="FormEdView.h">
      <Filter>Header Files</Filter>
    </ClInclude>
    <ClInclude Include="FormTracker.h">
      <Filter>Header Files</Filter>
    </ClInclude>
    <ClInclude Include="GuideDlg.h">
      <Filter>Header Files</Filter>
    </ClInclude>
    <ClInclude Include="GuiObj.h">
      <Filter>Header Files</Filter>
    </ClInclude>
    <ClInclude Include="MainFrm.h">
      <Filter>Header Files</Filter>
    </ClInclude>
    <ClInclude Include="PropBar.h">
      <Filter>Header Files</Filter>
    </ClInclude>
    <ClInclude Include="Property.h">
      <Filter>Header Files</Filter>
    </ClInclude>
    <ClInclude Include="PropView.h">
      <Filter>Header Files</Filter>
    </ClInclude>
    <ClInclude Include="Resource.h">
      <Filter>Header Files</Filter>
    </ClInclude>
    <ClInclude Include="SizeBar.h">
      <Filter>Header Files</Filter>
    </ClInclude>
    <ClInclude Include="StdAfx.h">
      <Filter>Header Files</Filter>
    </ClInclude>
    <ClInclude Include="StdObj.h">
      <Filter>Header Files</Filter>
    </ClInclude>
    <ClInclude Include="SyntaxEditCtrl.h">
      <Filter>Header Files</Filter>
    </ClInclude>
    <ClInclude Include="VisualMS.h">
      <Filter>Header Files</Filter>
    </ClInclude>
    <ClInclude Include="VisualMSDll.h">
      <Filter>Header Files</Filter>
    </ClInclude>
    <ClInclude Include="VisualMSDoc.h">
      <Filter>Header Files</Filter>
    </ClInclude>
    <ClInclude Include="VisualMSThread.h">
      <Filter>Header Files</Filter>
    </ClInclude>
    <ClInclude Include="VmsToolbar.h">
      <Filter>Header Files</Filter>
    </ClInclude>
  </ItemGroup>
  <ItemGroup>
    <ResourceCompile Include="VisualMS.rc">
      <Filter>Resource Files</Filter>
    </ResourceCompile>
  </ItemGroup>
</Project>