<?xml version="1.0" encoding="utf-8"?>
<Project ToolsVersion="4.0" xmlns="http://schemas.microsoft.com/developer/msbuild/2003">
  <ItemGroup>
    <Filter Include="Source Files">
      <UniqueIdentifier>{252d2370-497f-4b85-962c-c82ba78a22b4}</UniqueIdentifier>
      <Extensions>cpp;c;cxx;rc;def;r;odl;hpj;bat;for;f90</Extensions>
    </Filter>
    <Filter Include="Header Files">
      <UniqueIdentifier>{3a495d11-8046-4dc8-bef3-aa78be0019f6}</UniqueIdentifier>
      <Extensions>h;hpp;hxx;hm;inl;fi;fd</Extensions>
    </Filter>
    <Filter Include="Resource Files">
      <UniqueIdentifier>{909304a6-178d-4ac6-b69e-6574f9bfa7a1}</UniqueIdentifier>
      <Extensions>ico;cur;bmp;dlg;rc2;rct;bin;cnt;rtf;gif;jpg;jpeg;jpe</Extensions>
    </Filter>
  </ItemGroup>
  <ItemGroup>
    <ClCompile Include="acubic.cpp">
      <Filter>Source Files</Filter>
    </ClCompile>
    <ClCompile Include="bakeShell.cpp">
      <Filter>Source Files</Filter>
    </ClCompile>
    <ClCompile Include="bmtex.cpp">
      <Filter>Source Files</Filter>
    </ClCompile>
    <ClCompile Include="checker.cpp">
      <Filter>Source Files</Filter>
    </ClCompile>
    <ClCompile Include="cmtl.cpp">
      <Filter>Source Files</Filter>
    </ClCompile>
    <ClCompile Include="color_correction.cpp">
      <Filter>Source Files</Filter>
    </ClCompile>
    <ClCompile Include="composite.cpp">
      <Filter>Source Files</Filter>
    </ClCompile>
    <ClCompile Include="composite_material.cpp">
      <Filter>Source Files</Filter>
    </ClCompile>
    <ClCompile Include="dblsided.cpp">
      <Filter>Source Files</Filter>
    </ClCompile>
    <ClCompile Include="DxStdMtl2.cpp">
      <Filter>Source Files</Filter>
    </ClCompile>
    <ClCompile Include="falloff.cpp">
      <Filter>Source Files</Filter>
    </ClCompile>
    <ClCompile Include="gradient.cpp">
      <Filter>Source Files</Filter>
    </ClCompile>
    <ClCompile Include="marble.cpp">
      <Filter>Source Files</Filter>
    </ClCompile>
    <ClCompile Include="mask.cpp">
      <Filter>Source Files</Filter>
    </ClCompile>
    <ClCompile Include="matte.cpp">
      <Filter>Source Files</Filter>
    </ClCompile>
    <ClCompile Include="mirror.cpp">
      <Filter>Source Files</Filter>
    </ClCompile>
    <ClCompile Include="mix.cpp">
      <Filter>Source Files</Filter>
    </ClCompile>
    <ClCompile Include="mixmat.cpp">
      <Filter>Source Files</Filter>
    </ClCompile>
    <ClCompile Include="mtlmain.cpp">
      <Filter>Source Files</Filter>
    </ClCompile>
    <ClCompile Include="multi.cpp">
      <Filter>Source Files</Filter>
    </ClCompile>
    <ClCompile Include="noise.cpp">
      <Filter>Source Files</Filter>
    </ClCompile>
    <ClCompile Include="output.cpp">
      <Filter>Source Files</Filter>
    </ClCompile>
    <ClCompile Include="partage.cpp">
      <Filter>Source Files</Filter>
    </ClCompile>
    <ClCompile Include="partblur.cpp">
      <Filter>Source Files</Filter>
    </ClCompile>
    <ClCompile Include="plate.cpp">
      <Filter>Source Files</Filter>
    </ClCompile>
    <ClCompile Include="rgbmult.cpp">
      <Filter>Source Files</Filter>
    </ClCompile>
    <ClCompile Include="StdMaterialViewportShading.cpp">
      <Filter>Source Files</Filter>
    </ClCompile>
    <ClCompile Include="stdmtl2.cpp">
      <Filter>Source Files</Filter>
    </ClCompile>
    <ClCompile Include="stdShaders.cpp">
      <Filter>Source Files</Filter>
    </ClCompile>
    <ClCompile Include="TexMaps.cpp">
      <Filter>Source Files</Filter>
    </ClCompile>
    <ClCompile Include="tint.cpp">
      <Filter>Source Files</Filter>
    </ClCompile>
    <ClCompile Include="vertcol.cpp">
      <Filter>Source Files</Filter>
    </ClCompile>
  </ItemGroup>
  <ItemGroup>
    <None Include="mtl.def">
      <Filter>Source Files</Filter>
    </None>
    <None Include="comp_buttons.bmp">
      <Filter>Resource Files</Filter>
    </None>
    <None Include="comp_buttons_mask.bmp">
      <Filter>Resource Files</Filter>
    </None>
    <None Include="dmtlbut.bmp">
      <Filter>Resource Files</Filter>
    </None>
    <None Include="dmtlmsk.bmp">
      <Filter>Resource Files</Filter>
    </None>
    <None Include="icon1.ico">
      <Filter>Resource Files</Filter>
    </None>
    <None Include="preset_d.bmp">
      <Filter>Resource Files</Filter>
    </None>
    <None Include="preset_r.bmp">
      <Filter>Resource Files</Filter>
    </None>
    <None Include="error.fx" />
  </ItemGroup>
  <ItemGroup>
    <ClInclude Include="bmtex.h">
      <Filter>Header Files</Filter>
    </ClInclude>
    <ClInclude Include="color_correction.h">
      <Filter>Header Files</Filter>
    </ClInclude>
    <ClInclude Include="composite.h">
      <Filter>Header Files</Filter>
    </ClInclude>
    <ClInclude Include="DxStdMtl2.h">
      <Filter>Header Files</Filter>
    </ClInclude>
    <ClInclude Include="mtlhdr.h">
      <Filter>Header Files</Filter>
    </ClInclude>
    <ClInclude Include="mtlres.h">
      <Filter>Header Files</Filter>
    </ClInclude>
    <ClInclude Include="..\..\Include\shaders.h">
      <Filter>Header Files</Filter>
    </ClInclude>
    <ClInclude Include="StdMaterialViewportShading.h">
      <Filter>Header Files</Filter>
    </ClInclude>
    <ClInclude Include="stdmtl.h">
      <Filter>Header Files</Filter>
    </ClInclude>
    <ClInclude Include="stdmtl2.h">
      <Filter>Header Files</Filter>
    </ClInclude>
    <ClInclude Include="TexMaps.h">
      <Filter>Header Files</Filter>
    </ClInclude>
    <ClInclude Include="util.h">
      <Filter>Header Files</Filter>
    </ClInclude>
  </ItemGroup>
  <ItemGroup>
    <ResourceCompile Include="mtl.rc">
      <Filter>Resource Files</Filter>
    </ResourceCompile>
    <ResourceCompile Include="mtl_plasma.rc">
      <Filter>Resource Files</Filter>
    </ResourceCompile>
    <ResourceCompile Include="mtl_viz.rc">
      <Filter>Resource Files</Filter>
    </ResourceCompile>
    <ResourceCompile Include="mtl_vizR.rc">
      <Filter>Resource Files</Filter>
    </ResourceCompile>
  </ItemGroup>
</Project>