<?xml version="1.0" encoding="utf-8"?>
<Project ToolsVersion="4.0" xmlns="http://schemas.microsoft.com/developer/msbuild/2003">
  <ItemGroup>
    <Filter Include="Source Files">
      <UniqueIdentifier>{d41a4b80-ffc6-401a-8484-d7ef52b38f68}</UniqueIdentifier>
      <Extensions>cpp;c;cxx;rc;def;r;odl;hpj;bat;for;f90</Extensions>
    </Filter>
    <Filter Include="Header Files">
      <UniqueIdentifier>{62fd1a55-bde9-4fe4-b8db-6a01613c39a3}</UniqueIdentifier>
      <Extensions>h;hpp;hxx;hm;inl;fi;fd</Extensions>
    </Filter>
    <Filter Include="Resource Files">
      <UniqueIdentifier>{1d43a623-d111-4953-8913-eee599ab7f60}</UniqueIdentifier>
      <Extensions>ico;cur;bmp;dlg;rc2;rct;bin;cnt;rtf;gif;jpg;jpeg;jpe</Extensions>
    </Filter>
    <Filter Include="Libs">
      <UniqueIdentifier>{d226b46c-d309-4a20-ba4d-a32812797b52}</UniqueIdentifier>
    </Filter>
  </ItemGroup>
  <ItemGroup>
    <ClCompile Include="attach.cpp">
      <Filter>Source Files</Filter>
    </ClCompile>
    <ClCompile Include="boolctrl.cpp">
      <Filter>Source Files</Filter>
    </ClCompile>
    <ClCompile Include="ctrl.cpp">
      <Filter>Source Files</Filter>
    </ClCompile>
    <ClCompile Include="eulrctrl.cpp">
      <Filter>Source Files</Filter>
    </ClCompile>
    <ClCompile Include="exprctrl.cpp">
      <Filter>Source Files</Filter>
    </ClCompile>
    <ClCompile Include="followu.cpp">
      <Filter>Source Files</Filter>
    </ClCompile>
    <ClCompile Include="indepos.cpp">
      <Filter>Source Files</Filter>
    </ClCompile>
    <ClCompile Include="indescale.cpp">
      <Filter>Source Files</Filter>
    </ClCompile>
    <ClCompile Include="layerctrl.cpp">
      <Filter>Source Files</Filter>
    </ClCompile>
    <ClCompile Include="LimitController.cpp">
      <Filter>Source Files</Filter>
    </ClCompile>
    <ClCompile Include="Link_cnstrnt.cpp">
      <Filter>Source Files</Filter>
    </ClCompile>
    <ClCompile Include="link_timectrl.cpp">
      <Filter>Source Files</Filter>
    </ClCompile>
    <ClCompile Include="listctrl.cpp">
      <Filter>Source Files</Filter>
    </ClCompile>
    <ClCompile Include="loceulrc.cpp">
      <Filter>Source Files</Filter>
    </ClCompile>
    <ClCompile Include="lodctrl.cpp">
      <Filter>Source Files</Filter>
    </ClCompile>
    <ClCompile Include="LookAt_cnstrnt.cpp">
      <Filter>Source Files</Filter>
    </ClCompile>
    <ClCompile Include="NodeMonitor.cpp">
      <Filter>Source Files</Filter>
    </ClCompile>
    <ClCompile Include="NodeTransformMonitor.cpp">
      <Filter>Source Files</Filter>
    </ClCompile>
    <ClCompile Include="noizctrl.cpp">
      <Filter>Source Files</Filter>
    </ClCompile>
    <ClCompile Include="Orientation_cnstrnt.cpp">
      <Filter>Source Files</Filter>
    </ClCompile>
    <ClCompile Include="Path_cnstrnt.cpp">
      <Filter>Source Files</Filter>
    </ClCompile>
    <ClCompile Include="perlin.cpp">
      <Filter>Source Files</Filter>
    </ClCompile>
    <ClCompile Include="Position_cnstrnt.cpp">
      <Filter>Source Files</Filter>
    </ClCompile>
    <ClCompile Include="RefTargMonitorClass.cpp">
      <Filter>Source Files</Filter>
    </ClCompile>
    <ClCompile Include="surfctrl.cpp">
      <Filter>Source Files</Filter>
    </ClCompile>
  </ItemGroup>
  <ItemGroup>
    <ResourceCompile Include="control.rc">
      <Filter>Source Files</Filter>
    </ResourceCompile>
  </ItemGroup>
  <ItemGroup>
    <None Include="ctrl.def">
      <Filter>Source Files</Filter>
    </None>
    <None Include="ico00001.ico">
      <Filter>Resource Files</Filter>
    </None>
    <None Include="ico00002.ico">
      <Filter>Resource Files</Filter>
    </None>
    <None Include="icon1.ico">
      <Filter>Resource Files</Filter>
    </None>
    <None Include="icon2.ico">
      <Filter>Resource Files</Filter>
    </None>
    <None Include="locked.ico">
      <Filter>Resource Files</Filter>
    </None>
    <None Include="unlocked2.ico">
      <Filter>Resource Files</Filter>
    </None>
  </ItemGroup>
  <ItemGroup>
    <ClInclude Include="attach.h">
      <Filter>Header Files</Filter>
    </ClInclude>
    <ClInclude Include="CTRL.H">
      <Filter>Header Files</Filter>
    </ClInclude>
    <ClInclude Include="eulrctrl.h">
      <Filter>Header Files</Filter>
    </ClInclude>
    <ClInclude Include="iexprctrl.h">
      <Filter>Header Files</Filter>
    </ClInclude>
    <ClInclude Include="layerctrl.h">
      <Filter>Header Files</Filter>
    </ClInclude>
    <ClInclude Include="LimitController.h">
      <Filter>Header Files</Filter>
    </ClInclude>
    <ClInclude Include="Link_cnstrnt.h">
      <Filter>Header Files</Filter>
    </ClInclude>
    <ClInclude Include="link_timectrl.h">
      <Filter>Header Files</Filter>
    </ClInclude>
    <ClInclude Include="listctrl.h">
      <Filter>Header Files</Filter>
    </ClInclude>
    <ClInclude Include="loceulrc.h">
      <Filter>Header Files</Filter>
    </ClInclude>
    <ClInclude Include="NodeMonitor.h">
      <Filter>Header Files</Filter>
    </ClInclude>
    <ClInclude Include="NodeTransformMonitor.h">
      <Filter>Header Files</Filter>
    </ClInclude>
    <ClInclude Include="noise.h">
      <Filter>Header Files</Filter>
    </ClInclude>
    <ClInclude Include="RefTargMonitorClass.h">
      <Filter>Header Files</Filter>
    </ClInclude>
    <ClInclude Include="resource.h">
      <Filter>Header Files</Filter>
    </ClInclude>
  </ItemGroup>
</Project>