<?xml version="1.0" encoding="utf-8"?>
<Project ToolsVersion="4.0" xmlns="http://schemas.microsoft.com/developer/msbuild/2003">
  <ItemGroup>
    <Filter Include="Source Files">
      <UniqueIdentifier>{5758a3cb-7ecc-411a-8d7a-cf5e7c7863b7}</UniqueIdentifier>
      <Extensions>cpp;c;cxx;rc;def;r;odl;idl;hpj;bat</Extensions>
    </Filter>
    <Filter Include="Header Files">
      <UniqueIdentifier>{a0503937-e8d5-40ea-b1b1-0a330a90e41f}</UniqueIdentifier>
      <Extensions>h;hpp;hxx;hm;inl</Extensions>
    </Filter>
    <Filter Include="Resource Files">
      <UniqueIdentifier>{034f5719-e475-4daf-8878-68a302c8556b}</UniqueIdentifier>
      <Extensions>ico;cur;bmp;dlg;rc2;rct;bin;rgs;gif;jpg;jpeg;jpe</Extensions>
    </Filter>
    <Filter Include="Libraries">
      <UniqueIdentifier>{12ca8039-d3f0-41ec-8077-4afa49833e01}</UniqueIdentifier>
      <Extensions>lib</Extensions>
    </Filter>
  </ItemGroup>
  <ItemGroup>
    <ClCompile Include="BitmapInfo.cpp">
      <Filter>Source Files</Filter>
    </ClCompile>
    <ClCompile Include="comsrv.cpp">
      <Filter>Source Files</Filter>
    </ClCompile>
    <ClCompile Include="MaxApp.cpp">
      <Filter>Source Files</Filter>
    </ClCompile>
    <ClCompile Include="MaxDocument.cpp">
      <Filter>Source Files</Filter>
    </ClCompile>
    <ClCompile Include="MaxMaterial.cpp">
      <Filter>Source Files</Filter>
    </ClCompile>
    <ClCompile Include="MaxMaterialCollection.cpp">
      <Filter>Source Files</Filter>
    </ClCompile>
    <ClCompile Include="MaxRenderer.cpp">
      <Filter>Source Files</Filter>
    </ClCompile>
    <ClCompile Include="mscom.cpp">
      <Filter>Source Files</Filter>
    </ClCompile>
    <ClCompile Include="StdAfx.cpp">
      <Filter>Source Files</Filter>
    </ClCompile>
    <ClCompile Include="TestMarshalSpeed.cpp">
      <Filter>Source Files</Filter>
    </ClCompile>
  </ItemGroup>
  <ItemGroup>
    <ResourceCompile Include="comsrv.rc">
      <Filter>Source Files</Filter>
    </ResourceCompile>
  </ItemGroup>
  <ItemGroup>
    <None Include="mscom.def">
      <Filter>Source Files</Filter>
    </None>
    <None Include="BitmapInfo.rgs">
      <Filter>Resource Files</Filter>
    </None>
    <None Include="comsrv.rgs">
      <Filter>Resource Files</Filter>
    </None>
    <None Include="MaxApp.rgs">
      <Filter>Resource Files</Filter>
    </None>
    <None Include="MaxDocument.rgs">
      <Filter>Resource Files</Filter>
    </None>
    <None Include="MaxDocumentABS.rgs">
      <Filter>Resource Files</Filter>
    </None>
    <None Include="MaxDocumentCiv3D.rgs">
      <Filter>Resource Files</Filter>
    </None>
    <None Include="MaxMaterial.rgs">
      <Filter>Resource Files</Filter>
    </None>
    <None Include="MaxMaterialCollection.rgs">
      <Filter>Resource Files</Filter>
    </None>
    <None Include="MaxRenderer.rgs">
      <Filter>Resource Files</Filter>
    </None>
    <None Include="mxmain.ico">
      <Filter>Resource Files</Filter>
    </None>
    <None Include="TestMarshalSpeed.rgs">
      <Filter>Resource Files</Filter>
    </None>
  </ItemGroup>
  <ItemGroup>
    <ClInclude Include="BitmapInfo.h">
      <Filter>Header Files</Filter>
    </ClInclude>
    <ClInclude Include="MaxApp.h">
      <Filter>Header Files</Filter>
    </ClInclude>
    <ClInclude Include="MaxDocument.h">
      <Filter>Header Files</Filter>
    </ClInclude>
    <ClInclude Include="MaxMaterial.h">
      <Filter>Header Files</Filter>
    </ClInclude>
    <ClInclude Include="MaxMaterialCollection.h">
      <Filter>Header Files</Filter>
    </ClInclude>
    <ClInclude Include="MaxRenderer.h">
      <Filter>Header Files</Filter>
    </ClInclude>
    <ClInclude Include="mscom.h">
      <Filter>Header Files</Filter>
    </ClInclude>
    <ClInclude Include="Resource.h">
      <Filter>Header Files</Filter>
    </ClInclude>
    <ClInclude Include="resOverride.h">
      <Filter>Header Files</Filter>
    </ClInclude>
    <ClInclude Include="StdAfx.h">
      <Filter>Header Files</Filter>
    </ClInclude>
    <ClInclude Include="TestMarshalSpeed.h">
      <Filter>Header Files</Filter>
    </ClInclude>
  </ItemGroup>
  <ItemGroup>
    <CustomBuild Include="comsrv.idl">
      <Filter>Source Files</Filter>
    </CustomBuild>
  </ItemGroup>
</Project>