<?xml version="1.0" encoding="utf-8"?>
<Project ToolsVersion="4.0" xmlns="http://schemas.microsoft.com/developer/msbuild/2003">
  <ItemGroup>
    <Filter Include="Source Files">
      <UniqueIdentifier>{344d3968-1bb1-4e5f-85ff-785b1387fdd2}</UniqueIdentifier>
      <Extensions>cpp;c;cxx;rc;def;r;odl;hpj;bat;for;f90</Extensions>
    </Filter>
    <Filter Include="Header Files">
      <UniqueIdentifier>{1012e326-d05a-495e-8b17-600cfdb279cd}</UniqueIdentifier>
      <Extensions>h;hpp;hxx;hm;inl;fi;fd</Extensions>
    </Filter>
    <Filter Include="Resource Files">
      <UniqueIdentifier>{90a63a2f-6b47-4a2d-b2c9-de102d160f4c}</UniqueIdentifier>
      <Extensions>ico;cur;bmp;dlg;rc2;rct;bin;cnt;rtf;gif;jpg;jpeg;jpe</Extensions>
    </Filter>
  </ItemGroup>
  <ItemGroup>
    <ClCompile Include="Monoflector.cpp">
      <Filter>Source Files</Filter>
    </ClCompile>
    <ClCompile Include="MonoflectorDialog.cpp">
      <Filter>Source Files</Filter>
    </ClCompile>
    <ClCompile Include="sflectrs.cpp">
      <Filter>Source Files</Filter>
    </ClCompile>
    <ClCompile Include="sspflect.cpp">
      <Filter>Source Files</Filter>
    </ClCompile>
    <ClCompile Include="uspflect.cpp">
      <Filter>Source Files</Filter>
    </ClCompile>
    <ClCompile Include="pspflect.cpp">
      <Filter>Source Files</Filter>
    </ClCompile>
  </ItemGroup>
  <ItemGroup>
    <ClInclude Include="sflectr.h">
      <Filter>Source Files</Filter>
    </ClInclude>
    <ClInclude Include="MonoflectDialog.h">
      <Filter>Header Files</Filter>
    </ClInclude>
    <ClInclude Include="sflectrs.h">
      <Filter>Header Files</Filter>
    </ClInclude>
  </ItemGroup>
  <ItemGroup>
    <None Include="sflectrs.def">
      <Filter>Source Files</Filter>
    </None>
    <None Include="CROSSHR1.CUR">
      <Filter>Resource Files</Filter>
    </None>
  </ItemGroup>
  <ItemGroup>
    <ResourceCompile Include="sflectrs.rc">
      <Filter>Source Files</Filter>
    </ResourceCompile>
  </ItemGroup>
</Project>