<?xml version="1.0" encoding="utf-8"?>
<Project ToolsVersion="4.0" xmlns="http://schemas.microsoft.com/developer/msbuild/2003">
  <ItemGroup>
    <Filter Include="Source Files">
      <UniqueIdentifier>{c246111b-ddb6-4e0b-b5c8-05c5506b9b32}</UniqueIdentifier>
      <Extensions>cpp;c;cxx;rc;def;r;odl;hpj;bat;for;f90</Extensions>
    </Filter>
    <Filter Include="Header Files">
      <UniqueIdentifier>{61426e3b-32ba-4afc-a9ed-d31e6eba91ab}</UniqueIdentifier>
      <Extensions>h;hpp;hxx;hm;inl;fi;fd</Extensions>
    </Filter>
    <Filter Include="Resource Files">
      <UniqueIdentifier>{2694b5f4-e897-4575-8019-0a7c31db81b4}</UniqueIdentifier>
      <Extensions>ico;cur;bmp;dlg;rc2;rct;bin;cnt;rtf;gif;jpg;jpeg;jpe</Extensions>
    </Filter>
    <Filter Include="libs">
      <UniqueIdentifier>{51659fb5-2a75-4269-a9ef-f6734df8fbf5}</UniqueIdentifier>
    </Filter>
  </ItemGroup>
  <ItemGroup>
    <ClCompile Include="BonesDef.cpp">
      <Filter>Source Files</Filter>
    </ClCompile>
    <ClCompile Include="BonesDef_Mirror.cpp">
      <Filter>Source Files</Filter>
    </ClCompile>
    <ClCompile Include="BonesDef_UniformGrid.cpp">
      <Filter>Source Files</Filter>
    </ClCompile>
    <ClCompile Include="BonesDef_WeightTool.cpp">
      <Filter>Source Files</Filter>
    </ClCompile>
    <ClCompile Include="ClassDescStuff.cpp">
      <Filter>Source Files</Filter>
    </ClCompile>
    <ClCompile Include="CommandModes.cpp">
      <Filter>Source Files</Filter>
    </ClCompile>
    <ClCompile Include="DistanceStuff.cpp">
      <Filter>Source Files</Filter>
    </ClCompile>
    <ClCompile Include="DlgProc.cpp">
      <Filter>Source Files</Filter>
    </ClCompile>
    <ClCompile Include="DrawStuff.cpp">
      <Filter>Source Files</Filter>
    </ClCompile>
    <ClCompile Include="gizmojoint.cpp">
      <Filter>Source Files</Filter>
    </ClCompile>
    <ClCompile Include="mods.cpp">
      <Filter>Source Files</Filter>
    </ClCompile>
    <ClCompile Include="PainterInterface.cpp">
      <Filter>Source Files</Filter>
    </ClCompile>
    <ClCompile Include="undo.cpp">
      <Filter>Source Files</Filter>
    </ClCompile>
    <ClCompile Include="VertsWeightFunctions.cpp">
      <Filter>Source Files</Filter>
    </ClCompile>
    <ClCompile Include="weightTable.cpp">
      <Filter>Source Files</Filter>
    </ClCompile>
    <ClCompile Include="weightTableActionTable.cpp">
      <Filter>Source Files</Filter>
    </ClCompile>
    <ClCompile Include="weightTablePaints.cpp">
      <Filter>Source Files</Filter>
    </ClCompile>
    <ClCompile Include="weightTablePBlock.cpp">
      <Filter>Source Files</Filter>
    </ClCompile>
    <ClCompile Include="weightTableProcs.cpp">
      <Filter>Source Files</Filter>
    </ClCompile>
  </ItemGroup>
  <ItemGroup>
    <None Include="Bonesdef.def">
      <Filter>Source Files</Filter>
    </None>
    <None Include="addbonec.cur">
      <Filter>Resource Files</Filter>
    </None>
    <None Include="bitmap1.bmp">
      <Filter>Resource Files</Filter>
    </None>
    <None Include="cursor1.cur">
      <Filter>Resource Files</Filter>
    </None>
    <None Include="graphbit.bmp">
      <Filter>Resource Files</Filter>
    </None>
    <None Include="mask_subobjtypes.bmp">
      <Filter>Resource Files</Filter>
    </None>
    <None Include="segrefin.cur">
      <Filter>Resource Files</Filter>
    </None>
    <None Include="skin_param.bmp">
      <Filter>Resource Files</Filter>
    </None>
    <None Include="skin_param_mask.bmp">
      <Filter>Resource Files</Filter>
    </None>
    <None Include="SkinMirror_a.bmp">
      <Filter>Resource Files</Filter>
    </None>
    <None Include="SkinMirror_i.bmp">
      <Filter>Resource Files</Filter>
    </None>
    <None Include="subobjtypes.bmp">
      <Filter>Resource Files</Filter>
    </None>
    <None Include="Arrow_Down_12i.bmp">
      <Filter>Resource Files</Filter>
    </None>
    <None Include="Arrow_Up_12i.bmp">
      <Filter>Resource Files</Filter>
    </None>
  </ItemGroup>
  <ItemGroup>
    <Midl Include="components\maxcomponents.idl">
      <Filter>Source Files</Filter>
    </Midl>
  </ItemGroup>
  <ItemGroup>
    <ResourceCompile Include="mods.rc">
      <Filter>Source Files</Filter>
    </ResourceCompile>
  </ItemGroup>
  <ItemGroup>
    <ClInclude Include="BONESDEF.H">
      <Filter>Header Files</Filter>
    </ClInclude>
    <ClInclude Include="BonesDef_BoneData.h">
      <Filter>Header Files</Filter>
    </ClInclude>
    <ClInclude Include="BonesDef_Constants.h">
      <Filter>Header Files</Filter>
    </ClInclude>
    <ClInclude Include="Bonesdef_DlgProcs.h">
      <Filter>Header Files</Filter>
    </ClInclude>
    <ClInclude Include="Bonesdef_JointGizmo.h">
      <Filter>Header Files</Filter>
    </ClInclude>
    <ClInclude Include="BonesDef_Mirror.h">
      <Filter>Header Files</Filter>
    </ClInclude>
    <ClInclude Include="BonesDef_Undo.h">
      <Filter>Header Files</Filter>
    </ClInclude>
    <ClInclude Include="BonesDef_UniformGrid.h">
      <Filter>Header Files</Filter>
    </ClInclude>
    <ClInclude Include="Bonesdef_VertexWeights.h">
      <Filter>Header Files</Filter>
    </ClInclude>
    <ClInclude Include="Bonesdef_WeightTable.h">
      <Filter>Header Files</Filter>
    </ClInclude>
    <ClInclude Include="..\..\..\Include\ISkin.h">
      <Filter>Header Files</Filter>
    </ClInclude>
    <ClInclude Include="..\..\..\Include\ISkinCodes.h">
      <Filter>Header Files</Filter>
    </ClInclude>
    <ClInclude Include="MODS.H">
      <Filter>Header Files</Filter>
    </ClInclude>
    <ClInclude Include="modsres.h">
      <Filter>Header Files</Filter>
    </ClInclude>
    <ClInclude Include="..\..\..\include\IPainterInterface.h">
      <Filter>Header Files</Filter>
    </ClInclude>
  </ItemGroup>
</Project>