<?xml version="1.0" encoding="utf-8"?>
<Project ToolsVersion="4.0" xmlns="http://schemas.microsoft.com/developer/msbuild/2003">
  <ItemGroup>
    <Filter Include="Source Files">
      <UniqueIdentifier>{bfd233b4-f687-48e5-902b-4b66cc792697}</UniqueIdentifier>
      <Extensions>cpp;c;cxx;rc;def;r;odl;idl;hpj;bat</Extensions>
    </Filter>
    <Filter Include="Header Files">
      <UniqueIdentifier>{43f23232-d221-4fed-8dd7-cadf8178eceb}</UniqueIdentifier>
      <Extensions>h;hpp;hxx;hm;inl</Extensions>
    </Filter>
    <Filter Include="Resource Files">
      <UniqueIdentifier>{9f516bf7-f19d-4620-bb77-1a48ff158f43}</UniqueIdentifier>
      <Extensions>ico;cur;bmp;dlg;rc2;rct;bin;rgs;gif;jpg;jpeg;jpe</Extensions>
    </Filter>
  </ItemGroup>
  <ItemGroup>
    <ClCompile Include="BoundsTree.cpp">
      <Filter>Source Files</Filter>
    </ClCompile>
    <ClCompile Include="BrushPresets.cpp">
      <Filter>Source Files</Filter>
    </ClCompile>
    <ClCompile Include="BrushPresetsMgr.cpp">
      <Filter>Source Files</Filter>
    </ClCompile>
    <ClCompile Include="DllEntry.cpp">
      <Filter>Source Files</Filter>
    </ClCompile>
    <ClCompile Include="normal.cpp">
      <Filter>Source Files</Filter>
    </ClCompile>
    <ClCompile Include="painterInterface.cpp">
      <Filter>Source Files</Filter>
    </ClCompile>
    <ClCompile Include="painterInterfaceFP.cpp">
      <Filter>Source Files</Filter>
    </ClCompile>
    <ClCompile Include="painterInterfaceOptionsDialog.cpp">
      <Filter>Source Files</Filter>
    </ClCompile>
    <ClCompile Include="painterInterfaceTablet.cpp">
      <Filter>Source Files</Filter>
    </ClCompile>
    <ClCompile Include="PaintMode.cpp">
      <Filter>Source Files</Filter>
    </ClCompile>
    <ClCompile Include="PaintMouseProc.cpp">
      <Filter>Source Files</Filter>
    </ClCompile>
    <ClCompile Include="PointGatherer.cpp">
      <Filter>Source Files</Filter>
    </ClCompile>
  </ItemGroup>
  <ItemGroup>
    <None Include="painterInterface.def">
      <Filter>Source Files</Filter>
    </None>
    <None Include="skin_param.bmp">
      <Filter>Resource Files</Filter>
    </None>
    <None Include="skin_param_mask.bmp">
      <Filter>Resource Files</Filter>
    </None>
  </ItemGroup>
  <ItemGroup>
    <ResourceCompile Include="painterInterface.rc">
      <Filter>Source Files</Filter>
    </ResourceCompile>
  </ItemGroup>
  <ItemGroup>
    <ClInclude Include="BoundsTree.h">
      <Filter>Header Files</Filter>
    </ClInclude>
    <ClInclude Include="BrushPresets.h">
      <Filter>Header Files</Filter>
    </ClInclude>
    <ClInclude Include="..\..\include\IPainterInterface.h">
      <Filter>Header Files</Filter>
    </ClInclude>
    <ClInclude Include="painterInterface.h">
      <Filter>Header Files</Filter>
    </ClInclude>
    <ClInclude Include="PointGatherer.h">
      <Filter>Header Files</Filter>
    </ClInclude>
    <ClInclude Include="resource.h">
      <Filter>Header Files</Filter>
    </ClInclude>
    <ClInclude Include="veroverrides.h">
      <Filter>Header Files</Filter>
    </ClInclude>
  </ItemGroup>
</Project>