
Microsoft Visual Studio Solution File, Format Version 11.00
# Visual Studio 2010
Project("{FAE04EC0-301F-11D3-BF4B-00C04F79EFBC}") = "ComponentGenerator", "..\Exporter\ComponentGenerator\ComponentGenerator.csproj", "{DE543CF2-D6CE-47F5-BA32-24C2EDD4E7F3}"
EndProject
Project("{FAE04EC0-301F-11D3-BF4B-00C04F79EFBC}") = "VCNNodesCSharp", "..\Build\VS2010\VCNNodesCSharp\VCNNodesCSharp.csproj", "{FB4F1CCB-6431-4C5F-BDB4-437ED8307B0E}"
EndProject
Project("{FAE04EC0-301F-11D3-BF4B-00C04F79EFBC}") = "VCNNodesCSharpCustom", "..\VCNNodesCSharpSolution\VCNNodesCSharpCustom\VCNNodesCSharpCustom.csproj", "{9C5627AD-7F8C-4DB9-B2A7-73E92E0D0FAE}"
EndProject
Global
	GlobalSection(SolutionConfigurationPlatforms) = preSolution
		Debug|x86 = Debug|x86
		Release|x86 = Release|x86
	EndGlobalSection
	GlobalSection(ProjectConfigurationPlatforms) = postSolution
		{DE543CF2-D6CE-47F5-BA32-24C2EDD4E7F3}.Debug|x86.ActiveCfg = Debug|x86
		{DE543CF2-D6CE-47F5-BA32-24C2EDD4E7F3}.Debug|x86.Build.0 = Debug|x86
		{DE543CF2-D6CE-47F5-BA32-24C2EDD4E7F3}.Release|x86.ActiveCfg = Release|x86
		{DE543CF2-D6CE-47F5-BA32-24C2EDD4E7F3}.Release|x86.Build.0 = Release|x86
		{FB4F1CCB-6431-4C5F-BDB4-437ED8307B0E}.Debug|x86.ActiveCfg = Debug|x86
		{FB4F1CCB-6431-4C5F-BDB4-437ED8307B0E}.Debug|x86.Build.0 = Debug|x86
		{FB4F1CCB-6431-4C5F-BDB4-437ED8307B0E}.Release|x86.ActiveCfg = Release|Any CPU
		{9C5627AD-7F8C-4DB9-B2A7-73E92E0D0FAE}.Debug|x86.ActiveCfg = Debug|Any CPU
		{9C5627AD-7F8C-4DB9-B2A7-73E92E0D0FAE}.Debug|x86.Build.0 = Debug|Any CPU
		{9C5627AD-7F8C-4DB9-B2A7-73E92E0D0FAE}.Release|x86.ActiveCfg = Release|Any CPU
	EndGlobalSection
	GlobalSection(SolutionProperties) = preSolution
		HideSolutionNode = FALSE
	EndGlobalSection
EndGlobal
