<?xml version="1.0" encoding="utf-8"?>
<Project ToolsVersion="4.0" xmlns="http://schemas.microsoft.com/developer/msbuild/2003">
  <ItemGroup>
    <Filter Include="Source Files">
      <UniqueIdentifier>{211e17a2-3218-453b-a94b-a7f75db06d9f}</UniqueIdentifier>
      <Extensions>cpp;c;cxx;rc;def;r;odl;hpj;bat;for;f90</Extensions>
    </Filter>
    <Filter Include="Header Files">
      <UniqueIdentifier>{71bc3224-6cb0-4045-82d8-e642600c8414}</UniqueIdentifier>
      <Extensions>h;hpp;hxx;hm;inl;fi;fd</Extensions>
    </Filter>
    <Filter Include="Resource Files">
      <UniqueIdentifier>{fa7ad5a9-0278-46f0-9c57-479258a2456b}</UniqueIdentifier>
      <Extensions>ico;cur;bmp;dlg;rc2;rct;bin;cnt;rtf;gif;jpg;jpeg;jpe</Extensions>
    </Filter>
  </ItemGroup>
  <ItemGroup>
    <ClCompile Include="auctrl.cpp">
      <Filter>Source Files</Filter>
    </ClCompile>
    <ClCompile Include="aufloat.cpp">
      <Filter>Source Files</Filter>
    </ClCompile>
    <ClCompile Include="aup3base.cpp">
      <Filter>Source Files</Filter>
    </ClCompile>
    <ClCompile Include="aup3dlg.cpp">
      <Filter>Source Files</Filter>
    </ClCompile>
    <ClCompile Include="aupoint3.cpp">
      <Filter>Source Files</Filter>
    </ClCompile>
    <ClCompile Include="aupos.cpp">
      <Filter>Source Files</Filter>
    </ClCompile>
    <ClCompile Include="aurot.cpp">
      <Filter>Source Files</Filter>
    </ClCompile>
    <ClCompile Include="auscale.cpp">
      <Filter>Source Files</Filter>
    </ClCompile>
    <ClCompile Include="rtwave.cpp">
      <Filter>Source Files</Filter>
    </ClCompile>
    <ClCompile Include="wave.cpp">
      <Filter>Source Files</Filter>
    </ClCompile>
  </ItemGroup>
  <ItemGroup>
    <None Include="auctrl.def">
      <Filter>Source Files</Filter>
    </None>
  </ItemGroup>
  <ItemGroup>
    <ResourceCompile Include="auctrl.rc">
      <Filter>Source Files</Filter>
    </ResourceCompile>
  </ItemGroup>
  <ItemGroup>
    <ClInclude Include="AUCTRL.H">
      <Filter>Header Files</Filter>
    </ClInclude>
    <ClInclude Include="AUP3BASE.H">
      <Filter>Header Files</Filter>
    </ClInclude>
    <ClInclude Include="AUP3DLG.H">
      <Filter>Header Files</Filter>
    </ClInclude>
    <ClInclude Include="RTWAVE.H">
      <Filter>Header Files</Filter>
    </ClInclude>
    <ClInclude Include="WAVE.H">
      <Filter>Header Files</Filter>
    </ClInclude>
  </ItemGroup>
</Project>