<?xml version="1.0" encoding="utf-8"?>
<Project ToolsVersion="4.0" xmlns="http://schemas.microsoft.com/developer/msbuild/2003">
  <ItemGroup>
    <Filter Include="Source Files">
      <UniqueIdentifier>{fa88be49-8c68-425e-bbbf-e5128327ebde}</UniqueIdentifier>
      <Extensions>cpp;c;cxx;rc;def;r;odl;hpj;bat;for;f90</Extensions>
    </Filter>
    <Filter Include="Header Files">
      <UniqueIdentifier>{8040b834-8232-4a24-b8a5-b57efcd75130}</UniqueIdentifier>
      <Extensions>h;hpp;hxx;hm;inl;fi;fd</Extensions>
    </Filter>
    <Filter Include="Resource Files">
      <UniqueIdentifier>{5d671110-6529-4b0d-ab88-56bebabbc9e1}</UniqueIdentifier>
      <Extensions>ico;cur;bmp;dlg;rc2;rct;bin;cnt;rtf;gif;jpg;jpeg;jpe</Extensions>
    </Filter>
    <Filter Include="Libraries">
      <UniqueIdentifier>{817b2458-eda3-4a71-9dc4-a437a7bba320}</UniqueIdentifier>
    </Filter>
  </ItemGroup>
  <ItemGroup>
    <ClCompile Include="..\..\EditableModifierCommon\CreateFaceMouseProcTemplate.cpp">
      <Filter>Source Files</Filter>
    </ClCompile>
    <ClCompile Include="EditPoly.cpp">
      <Filter>Source Files</Filter>
    </ClCompile>
    <ClCompile Include="EditPolyAccel.cpp">
      <Filter>Source Files</Filter>
    </ClCompile>
    <ClCompile Include="EditPolyData.cpp">
      <Filter>Source Files</Filter>
    </ClCompile>
    <ClCompile Include="EditPolyGrips.cpp">
      <Filter>Source Files</Filter>
    </ClCompile>
    <ClCompile Include="EditPolyLocalOps.cpp">
      <Filter>Source Files</Filter>
    </ClCompile>
    <ClCompile Include="EditPolyModes.cpp">
      <Filter>Source Files</Filter>
    </ClCompile>
    <ClCompile Include="EditPolyOps.cpp">
      <Filter>Source Files</Filter>
    </ClCompile>
    <ClCompile Include="EditPolyPaint.cpp">
      <Filter>Source Files</Filter>
    </ClCompile>
    <ClCompile Include="EditPolyRestore.cpp">
      <Filter>Source Files</Filter>
    </ClCompile>
    <ClCompile Include="EditPolyUI.cpp">
      <Filter>Source Files</Filter>
    </ClCompile>
    <ClCompile Include="EditPolyUIGeom.cpp">
      <Filter>Source Files</Filter>
    </ClCompile>
    <ClCompile Include="EditPolyUISettings.cpp">
      <Filter>Source Files</Filter>
    </ClCompile>
    <ClCompile Include="EditPolyUISubobj.cpp">
      <Filter>Source Files</Filter>
    </ClCompile>
    <ClCompile Include="EditPolyUISurface.cpp">
      <Filter>Source Files</Filter>
    </ClCompile>
    <ClCompile Include="EPoly.cpp">
      <Filter>Source Files</Filter>
    </ClCompile>
  </ItemGroup>
  <ItemGroup>
    <None Include="EditPolyMod.def">
      <Filter>Source Files</Filter>
    </None>
    <None Include="addvertc.cur">
      <Filter>Resource Files</Filter>
    </None>
    <None Include="Bevel.cur">
      <Filter>Resource Files</Filter>
    </None>
    <None Include="bevelcur.cur">
      <Filter>Resource Files</Filter>
    </None>
    <None Include="cut_edge.cur">
      <Filter>Resource Files</Filter>
    </None>
    <None Include="cut_face.cur">
      <Filter>Resource Files</Filter>
    </None>
    <None Include="cut_vert.cur">
      <Filter>Resource Files</Filter>
    </None>
    <None Include="echamfer.cur">
      <Filter>Resource Files</Filter>
    </None>
    <None Include="edge_ext.cur">
      <Filter>Resource Files</Filter>
    </None>
    <None Include="extrude_vertex.cur">
      <Filter>Resource Files</Filter>
    </None>
    <None Include="extrudec.cur">
      <Filter>Resource Files</Filter>
    </None>
    <None Include="mask_subobjtypes.bmp">
      <Filter>Resource Files</Filter>
    </None>
    <None Include="plusminus.bmp">
      <Filter>Resource Files</Filter>
    </None>
    <None Include="PlusMinusMask.bmp">
      <Filter>Resource Files</Filter>
    </None>
    <None Include="polymask.bmp">
      <Filter>Resource Files</Filter>
    </None>
    <None Include="polysubs.bmp">
      <Filter>Resource Files</Filter>
    </None>
    <None Include="quickslice.cur">
      <Filter>Resource Files</Filter>
    </None>
    <None Include="subobjtypes.bmp">
      <Filter>Resource Files</Filter>
    </None>
    <None Include="vchamfer.cur">
      <Filter>Resource Files</Filter>
    </None>
  </ItemGroup>
  <ItemGroup>
    <ResourceCompile Include="EPoly.rc">
      <Filter>Source Files</Filter>
    </ResourceCompile>
  </ItemGroup>
  <ItemGroup>
    <ClInclude Include="..\..\EditableModifierCommon\CreateFaceMouseProcTemplate.h">
      <Filter>Header Files</Filter>
    </ClInclude>
    <ClInclude Include="EditPoly.h">
      <Filter>Header Files</Filter>
    </ClInclude>
    <ClInclude Include="EditPolyGrips.h">
      <Filter>Header Files</Filter>
    </ClInclude>
    <ClInclude Include="EditPolyUI.h">
      <Filter>Header Files</Filter>
    </ClInclude>
    <ClInclude Include="EPoly.h">
      <Filter>Header Files</Filter>
    </ClInclude>
    <ClInclude Include="..\..\..\include\iEPolyMod.h">
      <Filter>Header Files</Filter>
    </ClInclude>
    <ClInclude Include="..\..\..\include\macrorec.h">
      <Filter>Header Files</Filter>
    </ClInclude>
    <ClInclude Include="..\..\..\include\MeshNormalSpec.h">
      <Filter>Header Files</Filter>
    </ClInclude>
    <ClInclude Include="..\..\..\Include\MNCommon.h">
      <Filter>Header Files</Filter>
    </ClInclude>
    <ClInclude Include="..\..\..\Include\MNMesh.h">
      <Filter>Header Files</Filter>
    </ClInclude>
    <ClInclude Include="..\..\..\include\MNNormalSpec.h">
      <Filter>Header Files</Filter>
    </ClInclude>
    <ClInclude Include="..\..\..\include\polyobj.h">
      <Filter>Header Files</Filter>
    </ClInclude>
    <ClInclude Include="..\PolyPaint\PolyPaint.h">
      <Filter>Header Files</Filter>
    </ClInclude>
    <ClInclude Include="resource.h">
      <Filter>Header Files</Filter>
    </ClInclude>
    <ClInclude Include="..\..\..\include\xtcobject.h">
      <Filter>Header Files</Filter>
    </ClInclude>
  </ItemGroup>
</Project>