<?xml version="1.0" encoding="utf-8"?>
<Project ToolsVersion="4.0" xmlns="http://schemas.microsoft.com/developer/msbuild/2003">
  <ItemGroup>
    <Filter Include="Source Files">
      <UniqueIdentifier>{60758ecc-9a80-4c6b-bc8a-cc5bbe926a16}</UniqueIdentifier>
      <Extensions>cpp;c;cxx;rc;def;r;odl;hpj;bat;for;f90</Extensions>
    </Filter>
    <Filter Include="Header Files">
      <UniqueIdentifier>{74a42a49-d70e-48b6-b9e8-8ad320f0ea86}</UniqueIdentifier>
      <Extensions>h;hpp;hxx;hm;inl;fi;fd</Extensions>
    </Filter>
    <Filter Include="Resource Files">
      <UniqueIdentifier>{acb6ac5d-620b-421c-ad27-36d23c0d5c92}</UniqueIdentifier>
      <Extensions>ico;cur;bmp;dlg;rc2;rct;bin;cnt;rtf;gif;jpg;jpeg;jpe</Extensions>
    </Filter>
  </ItemGroup>
  <ItemGroup>
    <ClCompile Include="png.cpp">
      <Filter>Source Files</Filter>
    </ClCompile>
    <ClCompile Include="pngerror.cpp">
      <Filter>Source Files</Filter>
    </ClCompile>
    <ClCompile Include="pngget.cpp">
      <Filter>Source Files</Filter>
    </ClCompile>
    <ClCompile Include="pngmem.cpp">
      <Filter>Source Files</Filter>
    </ClCompile>
    <ClCompile Include="pngpread.cpp">
      <Filter>Source Files</Filter>
    </ClCompile>
    <ClCompile Include="pngread.cpp">
      <Filter>Source Files</Filter>
    </ClCompile>
    <ClCompile Include="pngrio.cpp">
      <Filter>Source Files</Filter>
    </ClCompile>
    <ClCompile Include="pngrtran.cpp">
      <Filter>Source Files</Filter>
    </ClCompile>
    <ClCompile Include="pngrutil.cpp">
      <Filter>Source Files</Filter>
    </ClCompile>
    <ClCompile Include="pngset.cpp">
      <Filter>Source Files</Filter>
    </ClCompile>
    <ClCompile Include="pngtrans.cpp">
      <Filter>Source Files</Filter>
    </ClCompile>
    <ClCompile Include="pngwio.cpp">
      <Filter>Source Files</Filter>
    </ClCompile>
    <ClCompile Include="pngwrite.cpp">
      <Filter>Source Files</Filter>
    </ClCompile>
    <ClCompile Include="pngwtran.cpp">
      <Filter>Source Files</Filter>
    </ClCompile>
    <ClCompile Include="pngwutil.cpp">
      <Filter>Source Files</Filter>
    </ClCompile>
  </ItemGroup>
  <ItemGroup>
    <ClInclude Include="png.h">
      <Filter>Header Files</Filter>
    </ClInclude>
    <ClInclude Include="pngconf.h">
      <Filter>Header Files</Filter>
    </ClInclude>
  </ItemGroup>
</Project>