<?xml version="1.0" encoding="utf-8"?>
<Project ToolsVersion="4.0" xmlns="http://schemas.microsoft.com/developer/msbuild/2003">
  <ItemGroup>
    <Filter Include="Source Files">
      <UniqueIdentifier>{dd2d0ab4-e73d-4527-b6cc-6a5e726a13dc}</UniqueIdentifier>
      <Extensions>cpp;c;cxx;rc;def;r;odl;hpj;bat;for;f90</Extensions>
    </Filter>
    <Filter Include="Header Files">
      <UniqueIdentifier>{9b91311e-8a92-4469-a12a-a310e1a4c42e}</UniqueIdentifier>
      <Extensions>h;hpp;hxx;hm;inl;fi;fd</Extensions>
    </Filter>
    <Filter Include="Resource Files">
      <UniqueIdentifier>{c61ade53-a0ec-4fbe-b8c8-cc977e2ea5a1}</UniqueIdentifier>
      <Extensions>ico;cur;bmp;dlg;rc2;rct;bin;cnt;rtf;gif;jpg;jpeg;jpe</Extensions>
    </Filter>
  </ItemGroup>
  <ItemGroup>
    <ClCompile Include="3dsexp.cpp">
      <Filter>Source Files</Filter>
    </ClCompile>
    <ClCompile Include="3dsmtl.cpp">
      <Filter>Source Files</Filter>
    </ClCompile>
    <ClCompile Include="savemli.cpp">
      <Filter>Source Files</Filter>
    </ClCompile>
  </ItemGroup>
  <ItemGroup>
    <None Include="3dsexp.def">
      <Filter>Source Files</Filter>
    </None>
  </ItemGroup>
  <ItemGroup>
    <ResourceCompile Include="3dsexp.rc">
      <Filter>Source Files</Filter>
    </ResourceCompile>
  </ItemGroup>
  <ItemGroup>
    <ClInclude Include="3dsexp.h">
      <Filter>Header Files</Filter>
    </ClInclude>
    <ClInclude Include="3dsimp.h">
      <Filter>Header Files</Filter>
    </ClInclude>
    <ClInclude Include="3dsshape.h">
      <Filter>Header Files</Filter>
    </ClInclude>
    <ClInclude Include="cfile.h">
      <Filter>Header Files</Filter>
    </ClInclude>
    <ClInclude Include="kfio.h">
      <Filter>Header Files</Filter>
    </ClInclude>
    <ClInclude Include="mtldef.h">
      <Filter>Header Files</Filter>
    </ClInclude>
    <ClInclude Include="ofile.h">
      <Filter>Header Files</Filter>
    </ClInclude>
  </ItemGroup>
</Project>