<?xml version="1.0" encoding="utf-8"?>
<Project ToolsVersion="4.0" xmlns="http://schemas.microsoft.com/developer/msbuild/2003">
  <ItemGroup>
    <Filter Include="Source Files">
      <UniqueIdentifier>{7482555e-f335-4558-95f5-3a42fa55ad8a}</UniqueIdentifier>
      <Extensions>cpp;c;cxx;rc;def;r;odl;hpj;bat;for;f90</Extensions>
    </Filter>
    <Filter Include="Header Files">
      <UniqueIdentifier>{7a2d4c9a-3d16-4884-ae98-fd9c967a5c5a}</UniqueIdentifier>
      <Extensions>h;hpp;hxx;hm;inl;fi;fd</Extensions>
    </Filter>
    <Filter Include="Resource Files">
      <UniqueIdentifier>{8b63faf5-f7f7-4f95-8195-c827d2dbe4e4}</UniqueIdentifier>
      <Extensions>ico;cur;bmp;dlg;rc2;rct;bin;cnt;rtf;gif;jpg;jpeg;jpe</Extensions>
    </Filter>
  </ItemGroup>
  <ItemGroup>
    <ClCompile Include="simpwave.cpp">
      <Filter>Source Files</Filter>
    </ClCompile>
    <ClCompile Include="wavectrl.cpp">
      <Filter>Source Files</Filter>
    </ClCompile>
  </ItemGroup>
  <ItemGroup>
    <None Include="wavectrl.def">
      <Filter>Source Files</Filter>
    </None>
    <None Include="bitmap1.bmp">
      <Filter>Resource Files</Filter>
    </None>
    <None Include="bitmap2.bmp">
      <Filter>Resource Files</Filter>
    </None>
  </ItemGroup>
  <ItemGroup>
    <ResourceCompile Include="wavectrl.rc">
      <Filter>Source Files</Filter>
    </ResourceCompile>
  </ItemGroup>
  <ItemGroup>
    <ClInclude Include="WAVECTRL.H">
      <Filter>Header Files</Filter>
    </ClInclude>
  </ItemGroup>
</Project>