<?xml version="1.0" encoding="utf-8"?>
<Project ToolsVersion="4.0" xmlns="http://schemas.microsoft.com/developer/msbuild/2003">
  <ItemGroup>
    <Filter Include="Source Files">
      <UniqueIdentifier>{f4acad8d-6538-476c-aa93-6e573e0cc9be}</UniqueIdentifier>
      <Extensions>cpp;c;cxx;rc;def;r;odl;hpj;bat;for;f90</Extensions>
    </Filter>
    <Filter Include="Header Files">
      <UniqueIdentifier>{877b9880-eda3-4a21-88a7-f8f5ea4f8352}</UniqueIdentifier>
      <Extensions>h;hpp;hxx;hm;inl;fi;fd</Extensions>
    </Filter>
    <Filter Include="Resource Files">
      <UniqueIdentifier>{3c2c7995-e9f7-434e-80a6-22f72c67d90e}</UniqueIdentifier>
      <Extensions>ico;cur;bmp;dlg;rc2;rct;bin;cnt;rtf;gif;jpg;jpeg;jpe</Extensions>
    </Filter>
  </ItemGroup>
  <ItemGroup>
    <ClCompile Include="approxui.cpp">
      <Filter>Source Files</Filter>
    </ClCompile>
    <ClCompile Include="..\..\EditableModifierCommon\CreateFaceMouseProcTemplate.cpp">
      <Filter>Source Files</Filter>
    </ClCompile>
    <ClCompile Include="pack1.cpp">
      <Filter>Source Files</Filter>
    </ClCompile>
    <ClCompile Include="triedui.cpp">
      <Filter>Source Files</Filter>
    </ClCompile>
    <ClCompile Include="triobjed.cpp">
      <Filter>Source Files</Filter>
    </ClCompile>
    <ClCompile Include="triops.cpp">
      <Filter>Source Files</Filter>
    </ClCompile>
  </ItemGroup>
  <ItemGroup>
    <None Include="pack1.def">
      <Filter>Source Files</Filter>
    </None>
    <None Include="addvertc.cur">
      <Filter>Resource Files</Filter>
    </None>
    <None Include="Bevel.cur">
      <Filter>Resource Files</Filter>
    </None>
    <None Include="cur00001.cur">
      <Filter>Resource Files</Filter>
    </None>
    <None Include="echamfer.cur">
      <Filter>Resource Files</Filter>
    </None>
    <None Include="extrudec.cur">
      <Filter>Resource Files</Filter>
    </None>
    <None Include="faceselt.bmp">
      <Filter>Resource Files</Filter>
    </None>
    <None Include="mask_subobjtypes.bmp">
      <Filter>Resource Files</Filter>
    </None>
    <None Include="selmask.bmp">
      <Filter>Resource Files</Filter>
    </None>
    <None Include="subobjtypes.bmp">
      <Filter>Resource Files</Filter>
    </None>
    <None Include="vchamfer.cur">
      <Filter>Resource Files</Filter>
    </None>
  </ItemGroup>
  <ItemGroup>
    <ClInclude Include="pack1.h">
      <Filter>Source Files</Filter>
    </ClInclude>
    <ClInclude Include="resource.h">
      <Filter>Source Files</Filter>
    </ClInclude>
    <ClInclude Include="..\..\..\include\box3.h">
      <Filter>Header Files</Filter>
    </ClInclude>
    <ClInclude Include="..\..\EditableModifierCommon\CreateFaceMouseProcTemplate.h">
      <Filter>Header Files</Filter>
    </ClInclude>
    <ClInclude Include="..\..\..\include\matrix3.h">
      <Filter>Header Files</Filter>
    </ClInclude>
    <ClInclude Include="..\..\..\include\mesh.h">
      <Filter>Header Files</Filter>
    </ClInclude>
    <ClInclude Include="..\..\..\include\meshadj.h">
      <Filter>Header Files</Filter>
    </ClInclude>
    <ClInclude Include="..\..\..\include\meshdelta.h">
      <Filter>Header Files</Filter>
    </ClInclude>
    <ClInclude Include="..\..\..\include\point3.h">
      <Filter>Header Files</Filter>
    </ClInclude>
    <ClInclude Include="resourceOverride.h">
      <Filter>Header Files</Filter>
    </ClInclude>
    <ClInclude Include="..\..\..\include\tab.h">
      <Filter>Header Files</Filter>
    </ClInclude>
    <ClInclude Include="..\..\..\include\triobj.h">
      <Filter>Header Files</Filter>
    </ClInclude>
    <ClInclude Include="triobjed.h">
      <Filter>Header Files</Filter>
    </ClInclude>
    <ClInclude Include="..\..\..\include\vedge.h">
      <Filter>Header Files</Filter>
    </ClInclude>
  </ItemGroup>
  <ItemGroup>
    <ResourceCompile Include="pack1.rc">
      <Filter>Source Files</Filter>
    </ResourceCompile>
    <ResourceCompile Include="pack1_vizR.rc">
      <Filter>Source Files</Filter>
    </ResourceCompile>
  </ItemGroup>
</Project>