<?xml version="1.0" encoding="utf-8"?>
<Project ToolsVersion="4.0" xmlns="http://schemas.microsoft.com/developer/msbuild/2003">
  <ItemGroup>
    <Filter Include="Resources">
      <UniqueIdentifier>{06032089-fcf3-4ca6-a5b5-7380d1d517a2}</UniqueIdentifier>
    </Filter>
    <Filter Include="Header Files">
      <UniqueIdentifier>{fe3dd56f-05c8-4f72-a45a-23fe817737db}</UniqueIdentifier>
    </Filter>
    <Filter Include="Header Files\Controls">
      <UniqueIdentifier>{c6d50361-0188-4c00-ae13-15027acd0495}</UniqueIdentifier>
    </Filter>
    <Filter Include="Source Files">
      <UniqueIdentifier>{782d88fa-4668-45c9-b1d8-8be382b240bc}</UniqueIdentifier>
    </Filter>
    <Filter Include="Source Files\Controls">
      <UniqueIdentifier>{fffb8961-22fe-4a3a-abeb-54f7df102c8f}</UniqueIdentifier>
    </Filter>
  </ItemGroup>
  <ItemGroup>
    <None Include="mxsdotNet.def">
      <Filter>Resources</Filter>
    </None>
  </ItemGroup>
  <ItemGroup>
    <ResourceCompile Include="mxsdotNet.rc">
      <Filter>Resources</Filter>
    </ResourceCompile>
  </ItemGroup>
  <ItemGroup>
    <ClInclude Include="resource.h">
      <Filter>Resources</Filter>
    </ClInclude>
    <ClInclude Include="ClassCfg.h">
      <Filter>Header Files</Filter>
    </ClInclude>
    <ClInclude Include="dotnet_wraps.h">
      <Filter>Header Files</Filter>
    </ClInclude>
    <ClInclude Include="DotNetClassManaged.h">
      <Filter>Header Files</Filter>
    </ClInclude>
    <ClInclude Include="DotNetHashTables.h">
      <Filter>Header Files</Filter>
    </ClInclude>
    <ClInclude Include="DotNetObjectManaged.h">
      <Filter>Header Files</Filter>
    </ClInclude>
    <ClInclude Include="DotNetObjectWrapper.h">
      <Filter>Header Files</Filter>
    </ClInclude>
    <ClInclude Include="MaxIncludes.h">
      <Filter>Header Files</Filter>
    </ClInclude>
    <ClInclude Include="namedefs.h">
      <Filter>Header Files</Filter>
    </ClInclude>
    <ClInclude Include="stdafx.h">
      <Filter>Header Files</Filter>
    </ClInclude>
    <ClInclude Include="utils.h">
      <Filter>Header Files</Filter>
    </ClInclude>
    <ClInclude Include="CDotNetHostWnd.h">
      <Filter>Header Files\Controls</Filter>
    </ClInclude>
    <ClInclude Include="dotNetControl.h">
      <Filter>Header Files\Controls</Filter>
    </ClInclude>
    <ClInclude Include="maxCDotNetHostWnd.h">
      <Filter>Header Files\Controls</Filter>
    </ClInclude>
    <ClInclude Include="maxDotNetButton.h">
      <Filter>Header Files\Controls</Filter>
    </ClInclude>
    <ClInclude Include="maxDotNetControl.h">
      <Filter>Header Files\Controls</Filter>
    </ClInclude>
    <ClInclude Include="mxsCDotNetHostWnd.h">
      <Filter>Header Files\Controls</Filter>
    </ClInclude>
    <ClInclude Include="SkeletonMFC.h">
      <Filter>Header Files\Controls</Filter>
    </ClInclude>
  </ItemGroup>
  <ItemGroup>
    <ClCompile Include="AssemblyInfo.cpp">
      <Filter>Source Files</Filter>
    </ClCompile>
    <ClCompile Include="dotNetBase.cpp">
      <Filter>Source Files</Filter>
    </ClCompile>
    <ClCompile Include="dotNetClass.cpp">
      <Filter>Source Files</Filter>
    </ClCompile>
    <ClCompile Include="DotNetClassManaged.cpp">
      <Filter>Source Files</Filter>
    </ClCompile>
    <ClCompile Include="DotNetHashTables.cpp">
      <Filter>Source Files</Filter>
    </ClCompile>
    <ClCompile Include="dotNetMethod.cpp">
      <Filter>Source Files</Filter>
    </ClCompile>
    <ClCompile Include="dotNetMXSValue.cpp">
      <Filter>Source Files</Filter>
    </ClCompile>
    <ClCompile Include="dotNetObject.cpp">
      <Filter>Source Files</Filter>
    </ClCompile>
    <ClCompile Include="DotNetObjectManaged.cpp">
      <Filter>Source Files</Filter>
    </ClCompile>
    <ClCompile Include="DotNetObjectWrapper.cpp">
      <Filter>Source Files</Filter>
    </ClCompile>
    <ClCompile Include="ListViewItemComparer.cpp">
      <Filter>Source Files</Filter>
    </ClCompile>
    <ClCompile Include="mxsdotNet.cpp">
      <Filter>Source Files</Filter>
    </ClCompile>
    <ClCompile Include="mxsdotNet_main.cpp">
      <Filter>Source Files</Filter>
    </ClCompile>
    <ClCompile Include="stdafx.cpp">
      <Filter>Source Files</Filter>
    </ClCompile>
    <ClCompile Include="utils.cpp">
      <Filter>Source Files</Filter>
    </ClCompile>
    <ClCompile Include="CDotNetHostWnd.cpp">
      <Filter>Source Files\Controls</Filter>
    </ClCompile>
    <ClCompile Include="dotNetControl.cpp">
      <Filter>Source Files\Controls</Filter>
    </ClCompile>
    <ClCompile Include="maxCDotNetHostWnd.cpp">
      <Filter>Source Files\Controls</Filter>
    </ClCompile>
    <ClCompile Include="maxDotNetButton.cpp">
      <Filter>Source Files\Controls</Filter>
    </ClCompile>
    <ClCompile Include="maxDotNetControl.cpp">
      <Filter>Source Files\Controls</Filter>
    </ClCompile>
    <ClCompile Include="mxsCDotNetHostWnd.cpp">
      <Filter>Source Files\Controls</Filter>
    </ClCompile>
    <ClCompile Include="SkeletonMFC.cpp">
      <Filter>Source Files\Controls</Filter>
    </ClCompile>
    <ClCompile Include="AssemblyEntry.cpp">
      <Filter>Source Files</Filter>
    </ClCompile>
  </ItemGroup>
</Project>