<?xml version="1.0" encoding="utf-8"?>
<Project ToolsVersion="4.0" xmlns="http://schemas.microsoft.com/developer/msbuild/2003">
  <ItemGroup>
    <Filter Include="Source Files">
      <UniqueIdentifier>{94a2eed9-e819-45db-89a6-969b0537f13c}</UniqueIdentifier>
      <Extensions>cpp;c;cxx;rc;def;r;odl;hpj;bat;for;f90</Extensions>
    </Filter>
    <Filter Include="Header Files">
      <UniqueIdentifier>{345ea257-6dde-4a62-b546-a3e32a3b204d}</UniqueIdentifier>
      <Extensions>h;hpp;hxx;hm;inl;fi;fd</Extensions>
    </Filter>
    <Filter Include="Resource Files">
      <UniqueIdentifier>{ec2f2a2c-9a5e-4e78-9571-fef0024e6d30}</UniqueIdentifier>
      <Extensions>ico;cur;bmp;dlg;rc2;rct;bin;cnt;rtf;gif;jpg;jpeg;jpe</Extensions>
    </Filter>
  </ItemGroup>
  <ItemGroup>
    <ClCompile Include="LuminanceIlluminance.cpp">
      <Filter>Source Files</Filter>
    </ClCompile>
    <ClCompile Include="renElemMain.cpp">
      <Filter>Source Files</Filter>
    </ClCompile>
    <ClCompile Include="renElemPch.cpp">
      <Filter>Source Files</Filter>
    </ClCompile>
    <ClCompile Include="renElemUtil.cpp">
      <Filter>Source Files</Filter>
    </ClCompile>
    <ClCompile Include="sampRenElem.cpp">
      <Filter>Source Files</Filter>
    </ClCompile>
    <ClCompile Include="stdBakeElem.cpp">
      <Filter>Source Files</Filter>
    </ClCompile>
    <ClCompile Include="stdRenElem.cpp">
      <Filter>Source Files</Filter>
    </ClCompile>
  </ItemGroup>
  <ItemGroup>
    <None Include="renElem.def">
      <Filter>Source Files</Filter>
    </None>
  </ItemGroup>
  <ItemGroup>
    <ClInclude Include="..\..\..\include\mentalray\imrShaderTranslation.h">
      <Filter>Header Files</Filter>
    </ClInclude>
    <ClInclude Include="..\..\..\include\imtl.h">
      <Filter>Header Files</Filter>
    </ClInclude>
    <ClInclude Include="LuminanceIlluminance.h">
      <Filter>Header Files</Filter>
    </ClInclude>
    <ClInclude Include="..\..\..\include\renderelements.h">
      <Filter>Header Files</Filter>
    </ClInclude>
    <ClInclude Include="renElemPch.h">
      <Filter>Header Files</Filter>
    </ClInclude>
    <ClInclude Include="renElemUtil.h">
      <Filter>Header Files</Filter>
    </ClInclude>
    <ClInclude Include="resource.h">
      <Filter>Header Files</Filter>
    </ClInclude>
    <ClInclude Include="stdBakeElem.h">
      <Filter>Header Files</Filter>
    </ClInclude>
    <ClInclude Include="stdRenElems.h">
      <Filter>Header Files</Filter>
    </ClInclude>
    <ClInclude Include="renElemRes.h">
      <Filter>Resource Files</Filter>
    </ClInclude>
    <ClInclude Include="resourceOverride.h">
      <Filter>Resource Files</Filter>
    </ClInclude>
    <ClInclude Include="..\..\..\include\shaders.h">
      <Filter>Header Files</Filter>
    </ClInclude>
  </ItemGroup>
  <ItemGroup>
    <ResourceCompile Include="renElem.rc">
      <Filter>Resource Files</Filter>
    </ResourceCompile>
    <ResourceCompile Include="renElem_viz.rc">
      <Filter>Resource Files</Filter>
    </ResourceCompile>
  </ItemGroup>
</Project>