<?xml version="1.0" encoding="utf-8"?>
<Project ToolsVersion="4.0" xmlns="http://schemas.microsoft.com/developer/msbuild/2003">
  <ItemGroup>
    <Filter Include="Source Files">
      <UniqueIdentifier>{1b38cc3e-f3ba-438e-bd22-82a7c4099184}</UniqueIdentifier>
      <Extensions>cpp;c;cxx;rc;def;r;odl;idl;hpj;bat</Extensions>
    </Filter>
    <Filter Include="Header Files">
      <UniqueIdentifier>{933fabe9-67c4-4fbf-8dd8-16b7cd63f31d}</UniqueIdentifier>
      <Extensions>h;hpp;hxx;hm;inl</Extensions>
    </Filter>
    <Filter Include="Resource Files">
      <UniqueIdentifier>{89c12cfc-bec5-4e3d-9255-1f20258f392e}</UniqueIdentifier>
      <Extensions>ico;cur;bmp;dlg;rc2;rct;bin;cnt;rtf;gif;jpg;jpeg;jpe</Extensions>
    </Filter>
  </ItemGroup>
  <ItemGroup>
    <ClCompile Include="pickMode.cpp">
      <Filter>Source Files</Filter>
    </ClCompile>
    <ClCompile Include="reactionMgr.cpp">
      <Filter>Source Files</Filter>
    </ClCompile>
    <ClCompile Include="ReactionMgrUI.cpp">
      <Filter>Source Files</Filter>
    </ClCompile>
    <ClCompile Include="reactor.cpp">
      <Filter>Source Files</Filter>
    </ClCompile>
    <ClCompile Include="reactorControllers.cpp">
      <Filter>Source Files</Filter>
    </ClCompile>
    <ClCompile Include="reactorMain.cpp">
      <Filter>Source Files</Filter>
    </ClCompile>
    <ClCompile Include="reactorui.cpp">
      <Filter>Source Files</Filter>
    </ClCompile>
  </ItemGroup>
  <ItemGroup>
    <None Include="reactor.def">
      <Filter>Source Files</Filter>
    </None>
    <None Include="EXPAND.ICO">
      <Filter>Resource Files</Filter>
    </None>
    <None Include="EXPAND2.ICO">
      <Filter>Resource Files</Filter>
    </None>
    <None Include="reator.ico">
      <Filter>Resource Files</Filter>
    </None>
  </ItemGroup>
  <ItemGroup>
    <ClInclude Include="ReactAPI.h">
      <Filter>Header Files</Filter>
    </ClInclude>
    <ClInclude Include="reactionMgr.h">
      <Filter>Header Files</Filter>
    </ClInclude>
    <ClInclude Include="reactor.h">
      <Filter>Header Files</Filter>
    </ClInclude>
    <ClInclude Include="resource.h">
      <Filter>Header Files</Filter>
    </ClInclude>
    <ClInclude Include="restoreObjs.h">
      <Filter>Header Files</Filter>
    </ClInclude>
  </ItemGroup>
  <ItemGroup>
    <ResourceCompile Include="reactor.rc">
      <Filter>Resource Files</Filter>
    </ResourceCompile>
  </ItemGroup>
</Project>