<?xml version="1.0" encoding="utf-8"?>
<Project ToolsVersion="4.0" xmlns="http://schemas.microsoft.com/developer/msbuild/2003">
  <ItemGroup>
    <Filter Include="Source Files">
      <UniqueIdentifier>{e8490c13-7f85-4ad8-bd4a-37feb1d56b51}</UniqueIdentifier>
      <Extensions>cpp;c;cxx;rc;def;r;odl;hpj;bat;for;f90</Extensions>
    </Filter>
    <Filter Include="Header Files">
      <UniqueIdentifier>{4bb662f9-f82c-4515-b82a-4e6862801317}</UniqueIdentifier>
      <Extensions>h;hpp;hxx;hm;inl;fi;fd</Extensions>
    </Filter>
    <Filter Include="Resource Files">
      <UniqueIdentifier>{a126440c-285f-4e12-a8d3-ca1a156710cd}</UniqueIdentifier>
      <Extensions>ico;cur;bmp;dlg;rc2;rct;bin;cnt;rtf;gif;jpg;jpeg;jpe</Extensions>
    </Filter>
  </ItemGroup>
  <ItemGroup>
    <ClCompile Include="tif.cpp">
      <Filter>Source Files</Filter>
    </ClCompile>
    <ClCompile Include="tifpch.cpp">
      <Filter>Source Files</Filter>
    </ClCompile>
  </ItemGroup>
  <ItemGroup>
    <None Include="tif.def">
      <Filter>Source Files</Filter>
    </None>
  </ItemGroup>
  <ItemGroup>
    <ResourceCompile Include="tif.rc">
      <Filter>Source Files</Filter>
    </ResourceCompile>
  </ItemGroup>
  <ItemGroup>
    <ClInclude Include="gtiffio.h">
      <Filter>Header Files</Filter>
    </ClInclude>
    <ClInclude Include="tif.h">
      <Filter>Header Files</Filter>
    </ClInclude>
    <ClInclude Include="tifrc.h">
      <Filter>Header Files</Filter>
    </ClInclude>
  </ItemGroup>
</Project>