<?xml version="1.0" encoding="utf-8"?>
<Project ToolsVersion="4.0" xmlns="http://schemas.microsoft.com/developer/msbuild/2003">
  <ItemGroup>
    <Filter Include="Source Files">
      <UniqueIdentifier>{b4e8cfa0-9676-42a7-a298-09ccf406db01}</UniqueIdentifier>
      <Extensions>cpp;c;cxx;rc;def;r;odl;idl;hpj;bat</Extensions>
    </Filter>
    <Filter Include="Header Files">
      <UniqueIdentifier>{c1abd474-5a4b-4a53-9d78-2dc6c3ed44ad}</UniqueIdentifier>
      <Extensions>h;hpp;hxx;hm;inl</Extensions>
    </Filter>
    <Filter Include="Resource Files">
      <UniqueIdentifier>{b78d46ff-34ea-4485-909b-e8fec3c94e60}</UniqueIdentifier>
      <Extensions>ico;cur;bmp;dlg;rc2;rct;bin;rgs;gif;jpg;jpeg;jpe</Extensions>
    </Filter>
  </ItemGroup>
  <ItemGroup>
    <ClCompile Include="DlgProcs.cpp">
      <Filter>Source Files</Filter>
    </ClCompile>
    <ClCompile Include="DllEntry.cpp">
      <Filter>Source Files</Filter>
    </ClCompile>
    <ClCompile Include="jiggle.cpp">
      <Filter>Source Files</Filter>
    </ClCompile>
    <ClCompile Include="jiggleFunctions.cpp">
      <Filter>Source Files</Filter>
    </ClCompile>
    <ClCompile Include="NodeSearchEnumProc.cpp">
      <Filter>Source Files</Filter>
    </ClCompile>
    <ClCompile Include="PickModes.cpp">
      <Filter>Source Files</Filter>
    </ClCompile>
    <ClCompile Include="SpringSys.cpp">
      <Filter>Source Files</Filter>
    </ClCompile>
    <ClCompile Include="SubAnimEnumProc.cpp">
      <Filter>Source Files</Filter>
    </ClCompile>
  </ItemGroup>
  <ItemGroup>
    <None Include="jiggle.def">
      <Filter>Source Files</Filter>
    </None>
  </ItemGroup>
  <ItemGroup>
    <ResourceCompile Include="jiggle.rc">
      <Filter>Source Files</Filter>
    </ResourceCompile>
  </ItemGroup>
  <ItemGroup>
    <ClInclude Include="jiggle.h">
      <Filter>Header Files</Filter>
    </ClInclude>
    <ClInclude Include="NodeSearchEnumProc.h">
      <Filter>Header Files</Filter>
    </ClInclude>
    <ClInclude Include="resource.h">
      <Filter>Header Files</Filter>
    </ClInclude>
    <ClInclude Include="..\..\..\Include\SpringSys.h">
      <Filter>Header Files</Filter>
    </ClInclude>
    <ClInclude Include="SubAnimEnumProc.h">
      <Filter>Header Files</Filter>
    </ClInclude>
  </ItemGroup>
</Project>