<?xml version="1.0" encoding="utf-8"?>
<Project ToolsVersion="4.0" xmlns="http://schemas.microsoft.com/developer/msbuild/2003">
  <ItemGroup>
    <Filter Include="Source Files">
      <UniqueIdentifier>{b2658b6a-6294-4b75-81fd-4603d827d755}</UniqueIdentifier>
      <Extensions>cpp;c;cxx;rc;def;r;odl;idl;hpj;bat</Extensions>
    </Filter>
    <Filter Include="Header Files">
      <UniqueIdentifier>{7eb41f59-131f-46cf-b754-eba9d027e2ad}</UniqueIdentifier>
      <Extensions>h;hpp;hxx;hm;inl</Extensions>
    </Filter>
    <Filter Include="Resource Files">
      <UniqueIdentifier>{21d9f3b2-dfe9-4564-b0b8-830c994312c4}</UniqueIdentifier>
      <Extensions>ico;cur;bmp;dlg;rc2;rct;bin;rgs;gif;jpg;jpeg;jpe</Extensions>
    </Filter>
  </ItemGroup>
  <ItemGroup>
    <ClCompile Include="DllEntry.cpp">
      <Filter>Source Files</Filter>
    </ClCompile>
    <ClCompile Include="MorphByBone.cpp">
      <Filter>Source Files</Filter>
    </ClCompile>
    <ClCompile Include="MorphByBoneCopyPaste.cpp">
      <Filter>Source Files</Filter>
    </ClCompile>
    <ClCompile Include="MorphByBoneDeformer.cpp">
      <Filter>Source Files</Filter>
    </ClCompile>
    <ClCompile Include="MorphByBoneDisplay.cpp">
      <Filter>Source Files</Filter>
    </ClCompile>
    <ClCompile Include="MorphByBoneDlgProc.cpp">
      <Filter>Source Files</Filter>
    </ClCompile>
    <ClCompile Include="MorphByBonePublishedFunctions.cpp">
      <Filter>Source Files</Filter>
    </ClCompile>
    <ClCompile Include="MorphByBoneSaveLoad.cpp">
      <Filter>Source Files</Filter>
    </ClCompile>
  </ItemGroup>
  <ItemGroup>
    <None Include="MorphByBone.def">
      <Filter>Source Files</Filter>
    </None>
    <None Include="addbonec.cur">
      <Filter>Resource Files</Filter>
    </None>
    <None Include="cursor1.cur">
      <Filter>Resource Files</Filter>
    </None>
  </ItemGroup>
  <ItemGroup>
    <ResourceCompile Include="MorphByBone.rc">
      <Filter>Source Files</Filter>
    </ResourceCompile>
  </ItemGroup>
  <ItemGroup>
    <ClInclude Include="..\..\..\include\iMorphByBone.h">
      <Filter>Header Files</Filter>
    </ClInclude>
    <ClInclude Include="MorphByBone.h">
      <Filter>Header Files</Filter>
    </ClInclude>
    <ClInclude Include="resource.h">
      <Filter>Header Files</Filter>
    </ClInclude>
  </ItemGroup>
</Project>