<?xml version="1.0" encoding="utf-8"?>
<Project ToolsVersion="4.0" xmlns="http://schemas.microsoft.com/developer/msbuild/2003">
  <ItemGroup>
    <Filter Include="Source Files">
      <UniqueIdentifier>{4559d15a-2e04-4a09-93d1-0860c1ce11d0}</UniqueIdentifier>
      <Extensions>cpp;c;cxx;rc;def;r;odl;hpj;bat;for;f90</Extensions>
    </Filter>
    <Filter Include="Header Files">
      <UniqueIdentifier>{cbed8ea5-7641-4b36-bf6f-0a71fa4af9b5}</UniqueIdentifier>
      <Extensions>h;hpp;hxx;hm;inl;fi;fd</Extensions>
    </Filter>
    <Filter Include="Resource Files">
      <UniqueIdentifier>{ba8129a9-047b-4f6b-9a02-e4faec75d908}</UniqueIdentifier>
      <Extensions>ico;cur;bmp;dlg;rc2;rct;bin;cnt;rtf;gif;jpg;jpeg;jpe</Extensions>
    </Filter>
  </ItemGroup>
  <ItemGroup>
    <ClCompile Include="shaderAniso.cpp">
      <Filter>Source Files</Filter>
    </ClCompile>
    <ClCompile Include="shaderMultilayer.cpp">
      <Filter>Source Files</Filter>
    </ClCompile>
    <ClCompile Include="shaderONB.cpp">
      <Filter>Source Files</Filter>
    </ClCompile>
    <ClCompile Include="shadersMain.cpp">
      <Filter>Source Files</Filter>
    </ClCompile>
    <ClCompile Include="shadersPch.cpp">
      <Filter>Source Files</Filter>
    </ClCompile>
    <ClCompile Include="shaderStrauss.cpp">
      <Filter>Source Files</Filter>
    </ClCompile>
    <ClCompile Include="shaderTranslucent.cpp">
      <Filter>Source Files</Filter>
    </ClCompile>
    <ClCompile Include="shaderUtil.cpp">
      <Filter>Source Files</Filter>
    </ClCompile>
  </ItemGroup>
  <ItemGroup>
    <None Include="shaders.def">
      <Filter>Source Files</Filter>
    </None>
    <None Include="dmtlbut.bmp">
      <Filter>Resource Files</Filter>
    </None>
    <None Include="dmtlmsk.bmp">
      <Filter>Resource Files</Filter>
    </None>
  </ItemGroup>
  <ItemGroup>
    <ResourceCompile Include="shaders.rc">
      <Filter>Source Files</Filter>
    </ResourceCompile>
  </ItemGroup>
  <ItemGroup>
    <ClInclude Include="shadersMain.h">
      <Filter>Header Files</Filter>
    </ClInclude>
    <ClInclude Include="shadersPch.h">
      <Filter>Header Files</Filter>
    </ClInclude>
    <ClInclude Include="shadersRc.h">
      <Filter>Header Files</Filter>
    </ClInclude>
    <ClInclude Include="shaderUtil.h">
      <Filter>Header Files</Filter>
    </ClInclude>
    <ClInclude Include="..\..\..\include\shaders.h">
      <Filter>Header Files</Filter>
    </ClInclude>
  </ItemGroup>
</Project>