<?xml version="1.0" encoding="utf-8"?>
<Project ToolsVersion="4.0" xmlns="http://schemas.microsoft.com/developer/msbuild/2003">
  <ItemGroup>
    <Filter Include="Source Files">
      <UniqueIdentifier>{41109350-c3d6-4e35-9702-d01a667a3ee3}</UniqueIdentifier>
      <Extensions>cpp;c;cxx;rc;def;r;odl;idl;hpj;bat</Extensions>
    </Filter>
    <Filter Include="Header Files">
      <UniqueIdentifier>{d5c24d9a-f257-4361-b8a5-8ff1027524da}</UniqueIdentifier>
      <Extensions>h;hpp;hxx;hm;inl</Extensions>
    </Filter>
    <Filter Include="Resource Files">
      <UniqueIdentifier>{7195a0bd-6b46-412a-9481-d86712fb9390}</UniqueIdentifier>
      <Extensions>ico;cur;bmp;dlg;rc2;rct;bin;rgs;gif;jpg;jpeg;jpe</Extensions>
    </Filter>
    <Filter Include="Libs">
      <UniqueIdentifier>{5b9e36c1-5c68-4790-9a18-75537e162d12}</UniqueIdentifier>
    </Filter>
  </ItemGroup>
  <ItemGroup>
    <ClCompile Include="comwraps.cpp">
      <Filter>Source Files</Filter>
    </ClCompile>
    <ClCompile Include="MethInfo.Cpp">
      <Filter>Source Files</Filter>
    </ClCompile>
    <ClCompile Include="MSComObject.cpp">
      <Filter>Source Files</Filter>
    </ClCompile>
    <ClCompile Include="MXSActiveX.cpp">
      <Filter>Source Files</Filter>
    </ClCompile>
    <ClCompile Include="StdAfx.cpp">
      <Filter>Source Files</Filter>
    </ClCompile>
    <ClCompile Include="TypeAttr.Cpp">
      <Filter>Source Files</Filter>
    </ClCompile>
    <ClCompile Include="VarUtils.Cpp">
      <Filter>Source Files</Filter>
    </ClCompile>
  </ItemGroup>
  <ItemGroup>
    <None Include="MXSActiveX.def">
      <Filter>Source Files</Filter>
    </None>
    <None Include="Notes.txt" />
  </ItemGroup>
  <ItemGroup>
    <ResourceCompile Include="MXSActiveX.rc">
      <Filter>Source Files</Filter>
    </ResourceCompile>
  </ItemGroup>
  <ItemGroup>
    <ClInclude Include="classcfg.h">
      <Filter>Header Files</Filter>
    </ClInclude>
    <ClInclude Include="compro.h">
      <Filter>Header Files</Filter>
    </ClInclude>
    <ClInclude Include="comwraps.h">
      <Filter>Header Files</Filter>
    </ClInclude>
    <ClInclude Include="MethInfo.H">
      <Filter>Header Files</Filter>
    </ClInclude>
    <ClInclude Include="MSComObject.h">
      <Filter>Header Files</Filter>
    </ClInclude>
    <ClInclude Include="Resource.h">
      <Filter>Header Files</Filter>
    </ClInclude>
    <ClInclude Include="StdAfx.h">
      <Filter>Header Files</Filter>
    </ClInclude>
    <ClInclude Include="TypeAttr.H">
      <Filter>Header Files</Filter>
    </ClInclude>
    <ClInclude Include="VarUtils.H">
      <Filter>Header Files</Filter>
    </ClInclude>
  </ItemGroup>
</Project>