<?xml version="1.0" encoding="utf-8"?>
<Project ToolsVersion="4.0" xmlns="http://schemas.microsoft.com/developer/msbuild/2003">
  <ItemGroup>
    <Filter Include="Source Files">
      <UniqueIdentifier>{40645b85-e2ed-4f3f-b43b-fb227d887cd1}</UniqueIdentifier>
      <Extensions>cpp;c;cxx;rc;def;r;odl;hpj;bat;for;f90</Extensions>
    </Filter>
    <Filter Include="Resources">
      <UniqueIdentifier>{47315357-fe31-401f-9537-3365571718fb}</UniqueIdentifier>
      <Extensions>rc;ico;bmp</Extensions>
    </Filter>
    <Filter Include="Libs">
      <UniqueIdentifier>{67557de7-c177-4ec1-bed7-cf1f845f14b2}</UniqueIdentifier>
    </Filter>
    <Filter Include="Headers">
      <UniqueIdentifier>{285148f2-93f3-4c3f-87a6-5b651dc07baa}</UniqueIdentifier>
      <Extensions>hpp;h</Extensions>
    </Filter>
  </ItemGroup>
  <ItemGroup>
    <ClCompile Include="Collector.cpp">
      <Filter>Source Files</Filter>
    </ClCompile>
  </ItemGroup>
  <ItemGroup>
    <None Include="Collector.def">
      <Filter>Source Files</Filter>
    </None>
  </ItemGroup>
  <ItemGroup>
    <ResourceCompile Include="collector_vizr.rc">
      <Filter>Source Files</Filter>
    </ResourceCompile>
    <ResourceCompile Include="collector.rc">
      <Filter>Resources</Filter>
    </ResourceCompile>
  </ItemGroup>
  <ItemGroup>
    <ClInclude Include="collector.h">
      <Filter>Headers</Filter>
    </ClInclude>
    <ClInclude Include="resourceOverride.h">
      <Filter>Headers</Filter>
    </ClInclude>
  </ItemGroup>
</Project>