<?xml version="1.0" encoding="utf-8"?>
<Project ToolsVersion="4.0" xmlns="http://schemas.microsoft.com/developer/msbuild/2003">
  <ItemGroup>
    <Filter Include="Source Files">
      <UniqueIdentifier>{07cf7fe4-d900-4ad1-a647-3ffd8a8c7477}</UniqueIdentifier>
      <Extensions>*.cpp;*.def</Extensions>
    </Filter>
    <Filter Include="Header Files">
      <UniqueIdentifier>{e6d53377-d018-4ef9-b70f-39c11f55040d}</UniqueIdentifier>
      <Extensions>*.h</Extensions>
    </Filter>
    <Filter Include="Libraries">
      <UniqueIdentifier>{9e9a791e-bcab-4fe0-ad88-0f501b0b5807}</UniqueIdentifier>
      <Extensions>*.lib</Extensions>
    </Filter>
    <Filter Include="Resource Files">
      <UniqueIdentifier>{5bc9c362-629f-46d4-92ef-3c83d0b95762}</UniqueIdentifier>
      <Extensions>*.rc</Extensions>
    </Filter>
  </ItemGroup>
  <ItemGroup>
    <ClCompile Include="ApplyVC.cpp">
      <Filter>Source Files</Filter>
    </ClCompile>
    <ClCompile Include="AVCMod.cpp">
      <Filter>Source Files</Filter>
    </ClCompile>
    <ClCompile Include="AVCUtil.cpp">
      <Filter>Source Files</Filter>
    </ClCompile>
    <ClCompile Include="Enumeration.cpp">
      <Filter>Source Files</Filter>
    </ClCompile>
    <ClCompile Include="EvalCol.cpp">
      <Filter>Source Files</Filter>
    </ClCompile>
  </ItemGroup>
  <ItemGroup>
    <None Include="ApplyVC.def">
      <Filter>Source Files</Filter>
    </None>
  </ItemGroup>
  <ItemGroup>
    <ClInclude Include="ApplyVC.h">
      <Filter>Header Files</Filter>
    </ClInclude>
    <ClInclude Include="Enumeration.h">
      <Filter>Header Files</Filter>
    </ClInclude>
    <ClInclude Include="EvalCol.h">
      <Filter>Header Files</Filter>
    </ClInclude>
    <ClInclude Include="resource.h">
      <Filter>Header Files</Filter>
    </ClInclude>
  </ItemGroup>
  <ItemGroup>
    <ResourceCompile Include="ApplyVC.rc">
      <Filter>Resource Files</Filter>
    </ResourceCompile>
  </ItemGroup>
</Project>